// !$*UTF8*$!
{
	archiveVersion = 1;
	classes = {
	};
	objectVersion = 46;
	objects = {

/* Begin PBXBuildFile section */
		BA5337581AB3EAE7004450C7 /* aboutus.jpg in Resources */ = {isa = PBXBuildFile; fileRef = BA5337521AB3EAE7004450C7 /* aboutus.jpg */; };
		BA5337591AB3EAE7004450C7 /* achievement.jpg in Resources */ = {isa = PBXBuildFile; fileRef = BA5337531AB3EAE7004450C7 /* achievement.jpg */; };
		BA53375B1AB3EAE7004450C7 /* profile.jpg in Resources */ = {isa = PBXBuildFile; fileRef = BA5337551AB3EAE7004450C7 /* profile.jpg */; };
		BA53375C1AB3EAE7004450C7 /* statistics.jpg in Resources */ = {isa = PBXBuildFile; fileRef = BA5337561AB3EAE7004450C7 /* statistics.jpg */; };
		BA53375D1AB3EAE7004450C7 /* tree.jpg in Resources */ = {isa = PBXBuildFile; fileRef = BA5337571AB3EAE7004450C7 /* tree.jpg */; };
		BA53375F1AB3ED71004450C7 /* Tasks.swift in Sources */ = {isa = PBXBuildFile; fileRef = BA53375E1AB3ED71004450C7 /* Tasks.swift */; };
		BA5337611AB3F15D004450C7 /* Garden.swift in Sources */ = {isa = PBXBuildFile; fileRef = BA5337601AB3F15D004450C7 /* Garden.swift */; };
		BA5337631AB3F187004450C7 /* Standings.swift in Sources */ = {isa = PBXBuildFile; fileRef = BA5337621AB3F187004450C7 /* Standings.swift */; };
		BA5337651AB3F19E004450C7 /* Profile.swift in Sources */ = {isa = PBXBuildFile; fileRef = BA5337641AB3F19E004450C7 /* Profile.swift */; };
		BA53376E1AB3F88A004450C7 /* foodButton.jpg in Resources */ = {isa = PBXBuildFile; fileRef = BA53376A1AB3F88A004450C7 /* foodButton.jpg */; };
		BA53376F1AB3F88A004450C7 /* homeButton.jpg in Resources */ = {isa = PBXBuildFile; fileRef = BA53376B1AB3F88A004450C7 /* homeButton.jpg */; };
		BA5337701AB3F88A004450C7 /* schoolButton.jpg in Resources */ = {isa = PBXBuildFile; fileRef = BA53376C1AB3F88A004450C7 /* schoolButton.jpg */; };
		BA5337711AB3F88A004450C7 /* transportationButton.jpg in Resources */ = {isa = PBXBuildFile; fileRef = BA53376D1AB3F88A004450C7 /* transportationButton.jpg */; };
		BA5337731AB3FB4A004450C7 /* TasksWithCategories.swift in Sources */ = {isa = PBXBuildFile; fileRef = BA5337721AB3FB4A004450C7 /* TasksWithCategories.swift */; };
		BA5337771AB41462004450C7 /* transportationGraph.jpg in Resources */ = {isa = PBXBuildFile; fileRef = BA5337761AB41462004450C7 /* transportationGraph.jpg */; };
		BA5337791AB41656004450C7 /* foodGraph.jpg in Resources */ = {isa = PBXBuildFile; fileRef = BA5337781AB41656004450C7 /* foodGraph.jpg */; };
		BA53377C1AB416C3004450C7 /* homeGraph.jpg in Resources */ = {isa = PBXBuildFile; fileRef = BA53377A1AB416C3004450C7 /* homeGraph.jpg */; };
		BA53377D1AB416C3004450C7 /* schoolGraph.jpg in Resources */ = {isa = PBXBuildFile; fileRef = BA53377B1AB416C3004450C7 /* schoolGraph.jpg */; };
		BA53377F1AB418E1004450C7 /* back.png in Resources */ = {isa = PBXBuildFile; fileRef = BA53377E1AB418E1004450C7 /* back.png */; };
		BA5337811AB428F6004450C7 /* TaskLibrary.json in Resources */ = {isa = PBXBuildFile; fileRef = BA5337801AB428F6004450C7 /* TaskLibrary.json */; };
		BAAE19E21AB3DECE0008ED97 /* AppDelegate.swift in Sources */ = {isa = PBXBuildFile; fileRef = BAAE19E11AB3DECE0008ED97 /* AppDelegate.swift */; };
		BAAE19E41AB3DECE0008ED97 /* Home.swift in Sources */ = {isa = PBXBuildFile; fileRef = BAAE19E31AB3DECE0008ED97 /* Home.swift */; };
		BAAE19E71AB3DECE0008ED97 /* Main.storyboard in Resources */ = {isa = PBXBuildFile; fileRef = BAAE19E51AB3DECE0008ED97 /* Main.storyboard */; };
		BAAE19E91AB3DECE0008ED97 /* Images.xcassets in Resources */ = {isa = PBXBuildFile; fileRef = BAAE19E81AB3DECE0008ED97 /* Images.xcassets */; };
		BAAE19EC1AB3DECE0008ED97 /* LaunchScreen.xib in Resources */ = {isa = PBXBuildFile; fileRef = BAAE19EA1AB3DECE0008ED97 /* LaunchScreen.xib */; };
		BAAE19F81AB3DECE0008ED97 /* CO2reeTests.swift in Sources */ = {isa = PBXBuildFile; fileRef = BAAE19F71AB3DECE0008ED97 /* CO2reeTests.swift */; };
		F3EDDEF11AB42989001F2445 /* MyCustomCell.swift in Sources */ = {isa = PBXBuildFile; fileRef = F3EDDEF01AB42989001F2445 /* MyCustomCell.swift */; };
/* End PBXBuildFile section */

/* Begin PBXContainerItemProxy section */
		BAAE19F21AB3DECE0008ED97 /* PBXContainerItemProxy */ = {
			isa = PBXContainerItemProxy;
			containerPortal = BAAE19D41AB3DECE0008ED97 /* Project object */;
			proxyType = 1;
			remoteGlobalIDString = BAAE19DB1AB3DECE0008ED97;
			remoteInfo = CO2ree;
		};
/* End PBXContainerItemProxy section */

/* Begin PBXFileReference section */
		BA5337521AB3EAE7004450C7 /* aboutus.jpg */ = {isa = PBXFileReference; lastKnownFileType = image.jpeg; path = aboutus.jpg; sourceTree = "<group>"; };
		BA5337531AB3EAE7004450C7 /* achievement.jpg */ = {isa = PBXFileReference; lastKnownFileType = image.jpeg; path = achievement.jpg; sourceTree = "<group>"; };
		BA5337551AB3EAE7004450C7 /* profile.jpg */ = {isa = PBXFileReference; lastKnownFileType = image.jpeg; path = profile.jpg; sourceTree = "<group>"; };
		BA5337561AB3EAE7004450C7 /* statistics.jpg */ = {isa = PBXFileReference; lastKnownFileType = image.jpeg; path = statistics.jpg; sourceTree = "<group>"; };
		BA5337571AB3EAE7004450C7 /* tree.jpg */ = {isa = PBXFileReference; lastKnownFileType = image.jpeg; path = tree.jpg; sourceTree = "<group>"; };
		BA53375E1AB3ED71004450C7 /* Tasks.swift */ = {isa = PBXFileReference; fileEncoding = 4; lastKnownFileType = sourcecode.swift; path = Tasks.swift; sourceTree = "<group>"; };
		BA5337601AB3F15D004450C7 /* Garden.swift */ = {isa = PBXFileReference; fileEncoding = 4; lastKnownFileType = sourcecode.swift; path = Garden.swift; sourceTree = "<group>"; };
		BA5337621AB3F187004450C7 /* Standings.swift */ = {isa = PBXFileReference; fileEncoding = 4; lastKnownFileType = sourcecode.swift; path = Standings.swift; sourceTree = "<group>"; };
		BA5337641AB3F19E004450C7 /* Profile.swift */ = {isa = PBXFileReference; fileEncoding = 4; lastKnownFileType = sourcecode.swift; path = Profile.swift; sourceTree = "<group>"; };
		BA53376A1AB3F88A004450C7 /* foodButton.jpg */ = {isa = PBXFileReference; lastKnownFileType = image.jpeg; path = foodButton.jpg; sourceTree = "<group>"; };
		BA53376B1AB3F88A004450C7 /* homeButton.jpg */ = {isa = PBXFileReference; lastKnownFileType = image.jpeg; path = homeButton.jpg; sourceTree = "<group>"; };
		BA53376C1AB3F88A004450C7 /* schoolButton.jpg */ = {isa = PBXFileReference; lastKnownFileType = image.jpeg; path = schoolButton.jpg; sourceTree = "<group>"; };
		BA53376D1AB3F88A004450C7 /* transportationButton.jpg */ = {isa = PBXFileReference; lastKnownFileType = image.jpeg; path = transportationButton.jpg; sourceTree = "<group>"; };
		BA5337721AB3FB4A004450C7 /* TasksWithCategories.swift */ = {isa = PBXFileReference; fileEncoding = 4; lastKnownFileType = sourcecode.swift; path = TasksWithCategories.swift; sourceTree = "<group>"; };
		BA5337761AB41462004450C7 /* transportationGraph.jpg */ = {isa = PBXFileReference; lastKnownFileType = image.jpeg; path = transportationGraph.jpg; sourceTree = "<group>"; };
		BA5337781AB41656004450C7 /* foodGraph.jpg */ = {isa = PBXFileReference; lastKnownFileType = image.jpeg; path = foodGraph.jpg; sourceTree = "<group>"; };
		BA53377A1AB416C3004450C7 /* homeGraph.jpg */ = {isa = PBXFileReference; lastKnownFileType = image.jpeg; path = homeGraph.jpg; sourceTree = "<group>"; };
		BA53377B1AB416C3004450C7 /* schoolGraph.jpg */ = {isa = PBXFileReference; lastKnownFileType = image.jpeg; path = schoolGraph.jpg; sourceTree = "<group>"; };
		BA53377E1AB418E1004450C7 /* back.png */ = {isa = PBXFileReference; lastKnownFileType = image.png; path = back.png; sourceTree = "<group>"; };
		BA5337801AB428F6004450C7 /* TaskLibrary.json */ = {isa = PBXFileReference; fileEncoding = 4; lastKnownFileType = text.json; path = TaskLibrary.json; sourceTree = "<group>"; };
		BAAE19DC1AB3DECE0008ED97 /* CO2ree.app */ = {isa = PBXFileReference; explicitFileType = wrapper.application; includeInIndex = 0; path = CO2ree.app; sourceTree = BUILT_PRODUCTS_DIR; };
		BAAE19E01AB3DECE0008ED97 /* Info.plist */ = {isa = PBXFileReference; lastKnownFileType = text.plist.xml; path = Info.plist; sourceTree = "<group>"; };
		BAAE19E11AB3DECE0008ED97 /* AppDelegate.swift */ = {isa = PBXFileReference; lastKnownFileType = sourcecode.swift; path = AppDelegate.swift; sourceTree = "<group>"; };
		BAAE19E31AB3DECE0008ED97 /* Home.swift */ = {isa = PBXFileReference; lastKnownFileType = sourcecode.swift; path = Home.swift; sourceTree = "<group>"; };
		BAAE19E61AB3DECE0008ED97 /* Base */ = {isa = PBXFileReference; lastKnownFileType = file.storyboard; name = Base; path = Base.lproj/Main.storyboard; sourceTree = "<group>"; };
		BAAE19E81AB3DECE0008ED97 /* Images.xcassets */ = {isa = PBXFileReference; lastKnownFileType = folder.assetcatalog; path = Images.xcassets; sourceTree = "<group>"; };
		BAAE19EB1AB3DECE0008ED97 /* Base */ = {isa = PBXFileReference; lastKnownFileType = file.xib; name = Base; path = Base.lproj/LaunchScreen.xib; sourceTree = "<group>"; };
		BAAE19F11AB3DECE0008ED97 /* CO2reeTests.xctest */ = {isa = PBXFileReference; explicitFileType = wrapper.cfbundle; includeInIndex = 0; path = CO2reeTests.xctest; sourceTree = BUILT_PRODUCTS_DIR; };
		BAAE19F61AB3DECE0008ED97 /* Info.plist */ = {isa = PBXFileReference; lastKnownFileType = text.plist.xml; path = Info.plist; sourceTree = "<group>"; };
		BAAE19F71AB3DECE0008ED97 /* CO2reeTests.swift */ = {isa = PBXFileReference; lastKnownFileType = sourcecode.swift; path = CO2reeTests.swift; sourceTree = "<group>"; };
		F3EDDEF01AB42989001F2445 /* MyCustomCell.swift */ = {isa = PBXFileReference; fileEncoding = 4; lastKnownFileType = sourcecode.swift; path = MyCustomCell.swift; sourceTree = "<group>"; };
/* End PBXFileReference section */

/* Begin PBXFrameworksBuildPhase section */
		BAAE19D91AB3DECE0008ED97 /* Frameworks */ = {
			isa = PBXFrameworksBuildPhase;
			buildActionMask = 2147483647;
			files = (
			);
			runOnlyForDeploymentPostprocessing = 0;
		};
		BAAE19EE1AB3DECE0008ED97 /* Frameworks */ = {
			isa = PBXFrameworksBuildPhase;
			buildActionMask = 2147483647;
			files = (
			);
			runOnlyForDeploymentPostprocessing = 0;
		};
/* End PBXFrameworksBuildPhase section */

/* Begin PBXGroup section */
		BA5337501AB3EA2C004450C7 /* view */ = {
			isa = PBXGroup;
			children = (
				F3EDDEF01AB42989001F2445 /* MyCustomCell.swift */,
				BAAE19E31AB3DECE0008ED97 /* Home.swift */,
				BA53375E1AB3ED71004450C7 /* Tasks.swift */,
				BA5337721AB3FB4A004450C7 /* TasksWithCategories.swift */,
				BA5337601AB3F15D004450C7 /* Garden.swift */,
				BA5337621AB3F187004450C7 /* Standings.swift */,
				BA5337641AB3F19E004450C7 /* Profile.swift */,
			);
			name = view;
			sourceTree = "<group>";
		};
		BA5337511AB3EA46004450C7 /* images */ = {
			isa = PBXGroup;
			children = (
				BA53377E1AB418E1004450C7 /* back.png */,
				BA5337781AB41656004450C7 /* foodGraph.jpg */,
				BA5337761AB41462004450C7 /* transportationGraph.jpg */,
				BA53377A1AB416C3004450C7 /* homeGraph.jpg */,
				BA53377B1AB416C3004450C7 /* schoolGraph.jpg */,
				BA53376A1AB3F88A004450C7 /* foodButton.jpg */,
				BA53376B1AB3F88A004450C7 /* homeButton.jpg */,
				BA53376C1AB3F88A004450C7 /* schoolButton.jpg */,
				BA53376D1AB3F88A004450C7 /* transportationButton.jpg */,
				BA5337521AB3EAE7004450C7 /* aboutus.jpg */,
				BA5337531AB3EAE7004450C7 /* achievement.jpg */,
				BA5337551AB3EAE7004450C7 /* profile.jpg */,
				BA5337561AB3EAE7004450C7 /* statistics.jpg */,
				BA5337571AB3EAE7004450C7 /* tree.jpg */,
			);
			name = images;
			sourceTree = "<group>";
		};
		BAAE19D31AB3DECE0008ED97 = {
			isa = PBXGroup;
			children = (
				BAAE19DE1AB3DECE0008ED97 /* CO2ree */,
				BAAE19F41AB3DECE0008ED97 /* CO2reeTests */,
				BAAE19DD1AB3DECE0008ED97 /* Products */,
			);
			sourceTree = "<group>";
		};
		BAAE19DD1AB3DECE0008ED97 /* Products */ = {
			isa = PBXGroup;
			children = (
				BAAE19DC1AB3DECE0008ED97 /* CO2ree.app */,
				BAAE19F11AB3DECE0008ED97 /* CO2reeTests.xctest */,
			);
			name = Products;
			sourceTree = "<group>";
		};
		BAAE19DE1AB3DECE0008ED97 /* CO2ree */ = {
			isa = PBXGroup;
			children = (
				BA5337511AB3EA46004450C7 /* images */,
				BA5337501AB3EA2C004450C7 /* view */,
				BAAE19E11AB3DECE0008ED97 /* AppDelegate.swift */,
				BA5337801AB428F6004450C7 /* TaskLibrary.json */,
				BAAE19E51AB3DECE0008ED97 /* Main.storyboard */,
				BAAE19E81AB3DECE0008ED97 /* Images.xcassets */,
				BAAE19EA1AB3DECE0008ED97 /* LaunchScreen.xib */,
				BAAE19DF1AB3DECE0008ED97 /* Supporting Files */,
			);
			path = CO2ree;
			sourceTree = "<group>";
		};
		BAAE19DF1AB3DECE0008ED97 /* Supporting Files */ = {
			isa = PBXGroup;
			children = (
				BAAE19E01AB3DECE0008ED97 /* Info.plist */,
			);
			name = "Supporting Files";
			sourceTree = "<group>";
		};
		BAAE19F41AB3DECE0008ED97 /* CO2reeTests */ = {
			isa = PBXGroup;
			children = (
				BAAE19F71AB3DECE0008ED97 /* CO2reeTests.swift */,
				BAAE19F51AB3DECE0008ED97 /* Supporting Files */,
			);
			path = CO2reeTests;
			sourceTree = "<group>";
		};
		BAAE19F51AB3DECE0008ED97 /* Supporting Files */ = {
			isa = PBXGroup;
			children = (
				BAAE19F61AB3DECE0008ED97 /* Info.plist */,
			);
			name = "Supporting Files";
			sourceTree = "<group>";
		};
/* End PBXGroup section */

/* Begin PBXNativeTarget section */
		BAAE19DB1AB3DECE0008ED97 /* CO2ree */ = {
			isa = PBXNativeTarget;
			buildConfigurationList = BAAE19FB1AB3DECE0008ED97 /* Build configuration list for PBXNativeTarget "CO2ree" */;
			buildPhases = (
				BAAE19D81AB3DECE0008ED97 /* Sources */,
				BAAE19D91AB3DECE0008ED97 /* Frameworks */,
				BAAE19DA1AB3DECE0008ED97 /* Resources */,
			);
			buildRules = (
			);
			dependencies = (
			);
			name = CO2ree;
			productName = CO2ree;
			productReference = BAAE19DC1AB3DECE0008ED97 /* CO2ree.app */;
			productType = "com.apple.product-type.application";
		};
		BAAE19F01AB3DECE0008ED97 /* CO2reeTests */ = {
			isa = PBXNativeTarget;
			buildConfigurationList = BAAE19FE1AB3DECE0008ED97 /* Build configuration list for PBXNativeTarget "CO2reeTests" */;
			buildPhases = (
				BAAE19ED1AB3DECE0008ED97 /* Sources */,
				BAAE19EE1AB3DECE0008ED97 /* Frameworks */,
				BAAE19EF1AB3DECE0008ED97 /* Resources */,
			);
			buildRules = (
			);
			dependencies = (
				BAAE19F31AB3DECE0008ED97 /* PBXTargetDependency */,
			);
			name = CO2reeTests;
			productName = CO2reeTests;
			productReference = BAAE19F11AB3DECE0008ED97 /* CO2reeTests.xctest */;
			productType = "com.apple.product-type.bundle.unit-test";
		};
/* End PBXNativeTarget section */

/* Begin PBXProject section */
		BAAE19D41AB3DECE0008ED97 /* Project object */ = {
			isa = PBXProject;
			attributes = {
				LastUpgradeCheck = 0610;
				ORGANIZATIONNAME = SOJUniverse;
				TargetAttributes = {
					BAAE19DB1AB3DECE0008ED97 = {
						CreatedOnToolsVersion = 6.1.1;
					};
					BAAE19F01AB3DECE0008ED97 = {
						CreatedOnToolsVersion = 6.1.1;
						TestTargetID = BAAE19DB1AB3DECE0008ED97;
					};
				};
			};
			buildConfigurationList = BAAE19D71AB3DECE0008ED97 /* Build configuration list for PBXProject "CO2ree" */;
			compatibilityVersion = "Xcode 3.2";
			developmentRegion = English;
			hasScannedForEncodings = 0;
			knownRegions = (
				en,
				Base,
			);
			mainGroup = BAAE19D31AB3DECE0008ED97;
			productRefGroup = BAAE19DD1AB3DECE0008ED97 /* Products */;
			projectDirPath = "";
			projectRoot = "";
			targets = (
				BAAE19DB1AB3DECE0008ED97 /* CO2ree */,
				BAAE19F01AB3DECE0008ED97 /* CO2reeTests */,
			);
		};
/* End PBXProject section */

/* Begin PBXResourcesBuildPhase section */
		BAAE19DA1AB3DECE0008ED97 /* Resources */ = {
			isa = PBXResourcesBuildPhase;
			buildActionMask = 2147483647;
			files = (
				BA53375C1AB3EAE7004450C7 /* statistics.jpg in Resources */,
				BA5337771AB41462004450C7 /* transportationGraph.jpg in Resources */,
				BA53377F1AB418E1004450C7 /* back.png in Resources */,
				BA53376E1AB3F88A004450C7 /* foodButton.jpg in Resources */,
				BA5337711AB3F88A004450C7 /* transportationButton.jpg in Resources */,
				BA53377C1AB416C3004450C7 /* homeGraph.jpg in Resources */,
				BA5337701AB3F88A004450C7 /* schoolButton.jpg in Resources */,
				BAAE19E71AB3DECE0008ED97 /* Main.storyboard in Resources */,
				BA5337581AB3EAE7004450C7 /* aboutus.jpg in Resources */,
				BA53377D1AB416C3004450C7 /* schoolGraph.jpg in Resources */,
				BA53375D1AB3EAE7004450C7 /* tree.jpg in Resources */,
				BAAE19EC1AB3DECE0008ED97 /* LaunchScreen.xib in Resources */,
				BA53376F1AB3F88A004450C7 /* homeButton.jpg in Resources */,
				BA5337791AB41656004450C7 /* foodGraph.jpg in Resources */,
				BA5337811AB428F6004450C7 /* TaskLibrary.json in Resources */,
				BA5337591AB3EAE7004450C7 /* achievement.jpg in Resources */,
				BAAE19E91AB3DECE0008ED97 /* Images.xcassets in Resources */,
				BA53375B1AB3EAE7004450C7 /* profile.jpg in Resources */,
			);
			runOnlyForDeploymentPostprocessing = 0;
		};
		BAAE19EF1AB3DECE0008ED97 /* Resources */ = {
			isa = PBXResourcesBuildPhase;
			buildActionMask = 2147483647;
			files = (
			);
			runOnlyForDeploymentPostprocessing = 0;
		};
/* End PBXResourcesBuildPhase section */

/* Begin PBXSourcesBuildPhase section */
		BAAE19D81AB3DECE0008ED97 /* Sources */ = {
			isa = PBXSourcesBuildPhase;
			buildActionMask = 2147483647;
			files = (
				BAAE19E41AB3DECE0008ED97 /* Home.swift in Sources */,
				BA5337651AB3F19E004450C7 /* Profile.swift in Sources */,
				BA5337731AB3FB4A004450C7 /* TasksWithCategories.swift in Sources */,
				BA5337611AB3F15D004450C7 /* Garden.swift in Sources */,
				BA53375F1AB3ED71004450C7 /* Tasks.swift in Sources */,
				BA5337631AB3F187004450C7 /* Standings.swift in Sources */,
				F3EDDEF11AB42989001F2445 /* MyCustomCell.swift in Sources */,
				BAAE19E21AB3DECE0008ED97 /* AppDelegate.swift in Sources */,
			);
			runOnlyForDeploymentPostprocessing = 0;
		};
		BAAE19ED1AB3DECE0008ED97 /* Sources */ = {
			isa = PBXSourcesBuildPhase;
			buildActionMask = 2147483647;
			files = (
				BAAE19F81AB3DECE0008ED97 /* CO2reeTests.swift in Sources */,
			);
			runOnlyForDeploymentPostprocessing = 0;
		};
/* End PBXSourcesBuildPhase section */

/* Begin PBXTargetDependency section */
		BAAE19F31AB3DECE0008ED97 /* PBXTargetDependency */ = {
			isa = PBXTargetDependency;
			target = BAAE19DB1AB3DECE0008ED97 /* CO2ree */;
			targetProxy = BAAE19F21AB3DECE0008ED97 /* PBXContainerItemProxy */;
		};
/* End PBXTargetDependency section */

/* Begin PBXVariantGroup section */
		BAAE19E51AB3DECE0008ED97 /* Main.storyboard */ = {
			isa = PBXVariantGroup;
			children = (
				BAAE19E61AB3DECE0008ED97 /* Base */,
			);
			name = Main.storyboard;
			sourceTree = "<group>";
		};
		BAAE19EA1AB3DECE0008ED97 /* LaunchScreen.xib */ = {
			isa = PBXVariantGroup;
			children = (
				BAAE19EB1AB3DECE0008ED97 /* Base */,
			);
			name = LaunchScreen.xib;
			sourceTree = "<group>";
		};
/* End PBXVariantGroup section */

/* Begin XCBuildConfiguration section */
		BAAE19F91AB3DECE0008ED97 /* Debug */ = {
			isa = XCBuildConfiguration;
			buildSettings = {
				ALWAYS_SEARCH_USER_PATHS = NO;
				CLANG_CXX_LANGUAGE_STANDARD = "gnu++0x";
				CLANG_CXX_LIBRARY = "libc++";
				CLANG_ENABLE_MODULES = YES;
				CLANG_ENABLE_OBJC_ARC = YES;
				CLANG_WARN_BOOL_CONVERSION = YES;
				CLANG_WARN_CONSTANT_CONVERSION = YES;
				CLANG_WARN_DIRECT_OBJC_ISA_USAGE = YES_ERROR;
				CLANG_WARN_EMPTY_BODY = YES;
				CLANG_WARN_ENUM_CONVERSION = YES;
				CLANG_WARN_INT_CONVERSION = YES;
				CLANG_WARN_OBJC_ROOT_CLASS = YES_ERROR;
				CLANG_WARN_UNREACHABLE_CODE = YES;
				CLANG_WARN__DUPLICATE_METHOD_MATCH = YES;
				"CODE_SIGN_IDENTITY[sdk=iphoneos*]" = "iPhone Developer";
				COPY_PHASE_STRIP = NO;
				ENABLE_STRICT_OBJC_MSGSEND = YES;
				GCC_C_LANGUAGE_STANDARD = gnu99;
				GCC_DYNAMIC_NO_PIC = NO;
				GCC_OPTIMIZATION_LEVEL = 0;
				GCC_PREPROCESSOR_DEFINITIONS = (
					"DEBUG=1",
					"$(inherited)",
				);
				GCC_SYMBOLS_PRIVATE_EXTERN = NO;
				GCC_WARN_64_TO_32_BIT_CONVERSION = YES;
				GCC_WARN_ABOUT_RETURN_TYPE = YES_ERROR;
				GCC_WARN_UNDECLARED_SELECTOR = YES;
				GCC_WARN_UNINITIALIZED_AUTOS = YES_AGGRESSIVE;
				GCC_WARN_UNUSED_FUNCTION = YES;
				GCC_WARN_UNUSED_VARIABLE = YES;
				IPHONEOS_DEPLOYMENT_TARGET = 8.1;
				MTL_ENABLE_DEBUG_INFO = YES;
				ONLY_ACTIVE_ARCH = YES;
				SDKROOT = iphoneos;
				SWIFT_OPTIMIZATION_LEVEL = "-Onone";
			};
			name = Debug;
		};
		BAAE19FA1AB3DECE0008ED97 /* Release */ = {
			isa = XCBuildConfiguration;
			buildSettings = {
				ALWAYS_SEARCH_USER_PATHS = NO;
				CLANG_CXX_LANGUAGE_STANDARD = "gnu++0x";
				CLANG_CXX_LIBRARY = "libc++";
				CLANG_ENABLE_MODULES = YES;
				CLANG_ENABLE_OBJC_ARC = YES;
				CLANG_WARN_BOOL_CONVERSION = YES;
				CLANG_WARN_CONSTANT_CONVERSION = YES;
				CLANG_WARN_DIRECT_OBJC_ISA_USAGE = YES_ERROR;
				CLANG_WARN_EMPTY_BODY = YES;
				CLANG_WARN_ENUM_CONVERSION = YES;
				CLANG_WARN_INT_CONVERSION = YES;
				CLANG_WARN_OBJC_ROOT_CLASS = YES_ERROR;
				CLANG_WARN_UNREACHABLE_CODE = YES;
				CLANG_WARN__DUPLICATE_METHOD_MATCH = YES;
				"CODE_SIGN_IDENTITY[sdk=iphoneos*]" = "iPhone Developer";
				COPY_PHASE_STRIP = YES;
				ENABLE_NS_ASSERTIONS = NO;
				ENABLE_STRICT_OBJC_MSGSEND = YES;
				GCC_C_LANGUAGE_STANDARD = gnu99;
				GCC_WARN_64_TO_32_BIT_CONVERSION = YES;
				GCC_WARN_ABOUT_RETURN_TYPE = YES_ERROR;
				GCC_WARN_UNDECLARED_SELECTOR = YES;
				GCC_WARN_UNINITIALIZED_AUTOS = YES_AGGRESSIVE;
				GCC_WARN_UNUSED_FUNCTION = YES;
				GCC_WARN_UNUSED_VARIABLE = YES;
				IPHONEOS_DEPLOYMENT_TARGET = 8.1;
				MTL_ENABLE_DEBUG_INFO = NO;
				SDKROOT = iphoneos;
				VALIDATE_PRODUCT = YES;
			};
			name = Release;
		};
		BAAE19FC1AB3DECE0008ED97 /* Debug */ = {
			isa = XCBuildConfiguration;
			buildSettings = {
				ASSETCATALOG_COMPILER_APPICON_NAME = AppIcon;
				INFOPLIST_FILE = CO2ree/Info.plist;
				LD_RUNPATH_SEARCH_PATHS = "$(inherited) @executable_path/Frameworks";
				PRODUCT_NAME = "$(TARGET_NAME)";
			};
			name = Debug;
		};
		BAAE19FD1AB3DECE0008ED97 /* Release */ = {
			isa = XCBuildConfiguration;
			buildSettings = {
				ASSETCATALOG_COMPILER_APPICON_NAME = AppIcon;
				INFOPLIST_FILE = CO2ree/Info.plist;
				LD_RUNPATH_SEARCH_PATHS = "$(inherited) @executable_path/Frameworks";
				PRODUCT_NAME = "$(TARGET_NAME)";
			};
			name = Release;
		};
		BAAE19FF1AB3DECE0008ED97 /* Debug */ = {
			isa = XCBuildConfiguration;
			buildSettings = {
				BUNDLE_LOADER = "$(TEST_HOST)";
				FRAMEWORK_SEARCH_PATHS = (
					"$(SDKROOT)/Developer/Library/Frameworks",
					"$(inherited)",
				);
				GCC_PREPROCESSOR_DEFINITIONS = (
					"DEBUG=1",
					"$(inherited)",
				);
				INFOPLIST_FILE = CO2reeTests/Info.plist;
				LD_RUNPATH_SEARCH_PATHS = "$(inherited) @executable_path/Frameworks @loader_path/Frameworks";
				PRODUCT_NAME = "$(TARGET_NAME)";
				TEST_HOST = "$(BUILT_PRODUCTS_DIR)/CO2ree.app/CO2ree";
			};
			name = Debug;
		};
		BAAE1A001AB3DECE0008ED97 /* Release */ = {
			isa = XCBuildConfiguration;
			buildSettings = {
				BUNDLE_LOADER = "$(TEST_HOST)";
				FRAMEWORK_SEARCH_PATHS = (
					"$(SDKROOT)/Developer/Library/Frameworks",
					"$(inherited)",
				);
				INFOPLIST_FILE = CO2reeTests/Info.plist;
				LD_RUNPATH_SEARCH_PATHS = "$(inherited) @executable_path/Frameworks @loader_path/Frameworks";
				PRODUCT_NAME = "$(TARGET_NAME)";
				TEST_HOST = "$(BUILT_PRODUCTS_DIR)/CO2ree.app/CO2ree";
			};
			name = Release;
		};
/* End XCBuildConfiguration section */

/* Begin XCConfigurationList section */
		BAAE19D71AB3DECE0008ED97 /* Build configuration list for PBXProject "CO2ree" */ = {
			isa = XCConfigurationList;
			buildConfigurations = (
				BAAE19F91AB3DECE0008ED97 /* Debug */,
				BAAE19FA1AB3DECE0008ED97 /* Release */,
			);
			defaultConfigurationIsVisible = 0;
			defaultConfigurationName = Release;
		};
		BAAE19FB1AB3DECE0008ED97 /* Build configuration list for PBXNativeTarget "CO2ree" */ = {
			isa = XCConfigurationList;
			buildConfigurations = (
				BAAE19FC1AB3DECE0008ED97 /* Debug */,
				BAAE19FD1AB3DECE0008ED97 /* Release */,
			);
			defaultConfigurationIsVisible = 0;
			defaultConfigurationName = Release;
		};
		BAAE19FE1AB3DECE0008ED97 /* Build configuration list for PBXNativeTarget "CO2reeTests" */ = {
			isa = XCConfigurationList;
			buildConfigurations = (
				BAAE19FF1AB3DECE0008ED97 /* Debug */,
				BAAE1A001AB3DECE0008ED97 /* Release */,
			);
			defaultConfigurationIsVisible = 0;
			defaultConfigurationName = Release;
		};
/* End XCConfigurationList section */
	};
	rootObject = BAAE19D41AB3DECE0008ED97 /* Project object */;
}
