// !$*UTF8*$!
{
	archiveVersion = 1;
	classes = {
	};
	objectVersion = 46;
	objects = {

/* Begin PBXBuildFile section */
		BA221D4E1AB4370800DD7AC7 /* TaskLibrary.swift in Sources */ = {isa = PBXBuildFile; fileRef = BA221D4D1AB4370800DD7AC7 /* TaskLibrary.swift */; };
		BA221D801AB4569F00DD7AC7 /* TasksByCategory.swift in Sources */ = {isa = PBXBuildFile; fileRef = BA221D7F1AB4569F00DD7AC7 /* TasksByCategory.swift */; };
		BA4B42F81AB5604900D5C513 /* RESTClient.swift in Sources */ = {isa = PBXBuildFile; fileRef = BA4B42F71AB5604900D5C513 /* RESTClient.swift */; };
		BA4DCD311AB4AAF900DFC265 /* User.swift in Sources */ = {isa = PBXBuildFile; fileRef = BA4DCD301AB4AAF900DFC265 /* User.swift */; };
		BA4DCD331AB4B17600DFC265 /* LogIn.swift in Sources */ = {isa = PBXBuildFile; fileRef = BA4DCD321AB4B17600DFC265 /* LogIn.swift */; };
		BA4DCD371AB4B88B00DFC265 /* LoginWithFacebookButton.png in Resources */ = {isa = PBXBuildFile; fileRef = BA4DCD341AB4B88B00DFC265 /* LoginWithFacebookButton.png */; };
		BA4DCD381AB4B88B00DFC265 /* loginWithEmailButton.png in Resources */ = {isa = PBXBuildFile; fileRef = BA4DCD351AB4B88B00DFC265 /* loginWithEmailButton.png */; };
		BA4DCD391AB4B88B00DFC265 /* signUpButton.png in Resources */ = {isa = PBXBuildFile; fileRef = BA4DCD361AB4B88B00DFC265 /* signUpButton.png */; };
		BA4DCD3B1AB4BB9900DFC265 /* SignUp.swift in Sources */ = {isa = PBXBuildFile; fileRef = BA4DCD3A1AB4BB9900DFC265 /* SignUp.swift */; };
		BA4DCD3D1AB4BBEC00DFC265 /* WhyNeedLogin.swift in Sources */ = {isa = PBXBuildFile; fileRef = BA4DCD3C1AB4BBEC00DFC265 /* WhyNeedLogin.swift */; };
		BA4DCD3F1AB4BC6900DFC265 /* LoginWithEmail.swift in Sources */ = {isa = PBXBuildFile; fileRef = BA4DCD3E1AB4BC6900DFC265 /* LoginWithEmail.swift */; };
		BA4DCD411AB4CE5C00DFC265 /* LoginWithFB.swift in Sources */ = {isa = PBXBuildFile; fileRef = BA4DCD401AB4CE5C00DFC265 /* LoginWithFB.swift */; };
		BA4DCD441AB4D65B00DFC265 /* signUpWithEmailButton.png in Resources */ = {isa = PBXBuildFile; fileRef = BA4DCD421AB4D65A00DFC265 /* signUpWithEmailButton.png */; };
		BA4DCD451AB4D65B00DFC265 /* SignUpWithFBButton.png in Resources */ = {isa = PBXBuildFile; fileRef = BA4DCD431AB4D65A00DFC265 /* SignUpWithFBButton.png */; };
		BA4DCD471AB4D6BC00DFC265 /* SignUpWithEmail.swift in Sources */ = {isa = PBXBuildFile; fileRef = BA4DCD461AB4D6BC00DFC265 /* SignUpWithEmail.swift */; };
		BA4DCD491AB4EA8200DFC265 /* Welcome.swift in Sources */ = {isa = PBXBuildFile; fileRef = BA4DCD481AB4EA8200DFC265 /* Welcome.swift */; };
		BA5337581AB3EAE7004450C7 /* aboutus.jpg in Resources */ = {isa = PBXBuildFile; fileRef = BA5337521AB3EAE7004450C7 /* aboutus.jpg */; };
		BA5337591AB3EAE7004450C7 /* achievement.jpg in Resources */ = {isa = PBXBuildFile; fileRef = BA5337531AB3EAE7004450C7 /* achievement.jpg */; };
		BA53375B1AB3EAE7004450C7 /* profile.jpg in Resources */ = {isa = PBXBuildFile; fileRef = BA5337551AB3EAE7004450C7 /* profile.jpg */; };
		BA53375C1AB3EAE7004450C7 /* statistics.jpg in Resources */ = {isa = PBXBuildFile; fileRef = BA5337561AB3EAE7004450C7 /* statistics.jpg */; };
		BA53375D1AB3EAE7004450C7 /* tree.jpg in Resources */ = {isa = PBXBuildFile; fileRef = BA5337571AB3EAE7004450C7 /* tree.jpg */; };
		BA53375F1AB3ED71004450C7 /* Tasks.swift in Sources */ = {isa = PBXBuildFile; fileRef = BA53375E1AB3ED71004450C7 /* Tasks.swift */; };
		BA5337611AB3F15D004450C7 /* Garden.swift in Sources */ = {isa = PBXBuildFile; fileRef = BA5337601AB3F15D004450C7 /* Garden.swift */; };
		BA5337631AB3F187004450C7 /* Standings.swift in Sources */ = {isa = PBXBuildFile; fileRef = BA5337621AB3F187004450C7 /* Standings.swift */; };
		BA5337651AB3F19E004450C7 /* Profile.swift in Sources */ = {isa = PBXBuildFile; fileRef = BA5337641AB3F19E004450C7 /* Profile.swift */; };
		BA53376E1AB3F88A004450C7 /* foodButton.jpg in Resources */ = {isa = PBXBuildFile; fileRef = BA53376A1AB3F88A004450C7 /* foodButton.jpg */; };
		BA53376F1AB3F88A004450C7 /* homeButton.jpg in Resources */ = {isa = PBXBuildFile; fileRef = BA53376B1AB3F88A004450C7 /* homeButton.jpg */; };
		BA5337701AB3F88A004450C7 /* schoolButton.jpg in Resources */ = {isa = PBXBuildFile; fileRef = BA53376C1AB3F88A004450C7 /* schoolButton.jpg */; };
		BA5337711AB3F88A004450C7 /* transportationButton.jpg in Resources */ = {isa = PBXBuildFile; fileRef = BA53376D1AB3F88A004450C7 /* transportationButton.jpg */; };
		BA5337771AB41462004450C7 /* transportationGraph.jpg in Resources */ = {isa = PBXBuildFile; fileRef = BA5337761AB41462004450C7 /* transportationGraph.jpg */; };
		BA5337791AB41656004450C7 /* foodGraph.jpg in Resources */ = {isa = PBXBuildFile; fileRef = BA5337781AB41656004450C7 /* foodGraph.jpg */; };
		BA53377C1AB416C3004450C7 /* homeGraph.jpg in Resources */ = {isa = PBXBuildFile; fileRef = BA53377A1AB416C3004450C7 /* homeGraph.jpg */; };
		BA53377D1AB416C3004450C7 /* schoolGraph.jpg in Resources */ = {isa = PBXBuildFile; fileRef = BA53377B1AB416C3004450C7 /* schoolGraph.jpg */; };
		BA53377F1AB418E1004450C7 /* back.png in Resources */ = {isa = PBXBuildFile; fileRef = BA53377E1AB418E1004450C7 /* back.png */; };
		BA9291DA1AB51113007E6AC1 /* SignUpWithFB.swift in Sources */ = {isa = PBXBuildFile; fileRef = BA9291D91AB51113007E6AC1 /* SignUpWithFB.swift */; };
		BAAE19E21AB3DECE0008ED97 /* AppDelegate.swift in Sources */ = {isa = PBXBuildFile; fileRef = BAAE19E11AB3DECE0008ED97 /* AppDelegate.swift */; };
		BAAE19E41AB3DECE0008ED97 /* Home.swift in Sources */ = {isa = PBXBuildFile; fileRef = BAAE19E31AB3DECE0008ED97 /* Home.swift */; };
		BAAE19E71AB3DECE0008ED97 /* Main.storyboard in Resources */ = {isa = PBXBuildFile; fileRef = BAAE19E51AB3DECE0008ED97 /* Main.storyboard */; };
		BAAE19E91AB3DECE0008ED97 /* Images.xcassets in Resources */ = {isa = PBXBuildFile; fileRef = BAAE19E81AB3DECE0008ED97 /* Images.xcassets */; };
		BAAE19EC1AB3DECE0008ED97 /* LaunchScreen.xib in Resources */ = {isa = PBXBuildFile; fileRef = BAAE19EA1AB3DECE0008ED97 /* LaunchScreen.xib */; };
		BAAE19F81AB3DECE0008ED97 /* CO2reeTests.swift in Sources */ = {isa = PBXBuildFile; fileRef = BAAE19F71AB3DECE0008ED97 /* CO2reeTests.swift */; };
		BAC3FE941AB52F77005AA71F /* ViewController.swift in Sources */ = {isa = PBXBuildFile; fileRef = BAC3FE931AB52F76005AA71F /* ViewController.swift */; };
		BAD3AA7B1AB4722400470F8B /* TaskDetail.swift in Sources */ = {isa = PBXBuildFile; fileRef = BAD3AA7A1AB4722400470F8B /* TaskDetail.swift */; };
		F334F4BD1AB4B13E00A35510 /* Color.swift in Sources */ = {isa = PBXBuildFile; fileRef = F334F4BC1AB4B13E00A35510 /* Color.swift */; };
		F334F4CF1AB4D85500A35510 /* home-gray.png in Resources */ = {isa = PBXBuildFile; fileRef = F334F4CA1AB4D85500A35510 /* home-gray.png */; };
		F334F4D01AB4D85500A35510 /* profile-gray.png in Resources */ = {isa = PBXBuildFile; fileRef = F334F4CB1AB4D85500A35510 /* profile-gray.png */; };
		F334F4D11AB4D85500A35510 /* standings-gray.png in Resources */ = {isa = PBXBuildFile; fileRef = F334F4CC1AB4D85500A35510 /* standings-gray.png */; };
		F334F4D21AB4D85500A35510 /* tasks-gray.png in Resources */ = {isa = PBXBuildFile; fileRef = F334F4CD1AB4D85500A35510 /* tasks-gray.png */; };
		F334F4D51AB4D8E600A35510 /* 05tree.png in Resources */ = {isa = PBXBuildFile; fileRef = F334F4D41AB4D8E600A35510 /* 05tree.png */; };
		F346DBD01AB4AC5A00A84BEE /* facebook-green.png in Resources */ = {isa = PBXBuildFile; fileRef = F346DBBA1AB4AC5A00A84BEE /* facebook-green.png */; };
		F346DBD11AB4AC5A00A84BEE /* garden-green.png in Resources */ = {isa = PBXBuildFile; fileRef = F346DBBB1AB4AC5A00A84BEE /* garden-green.png */; };
		F346DBD21AB4AC5A00A84BEE /* gittree-white.png in Resources */ = {isa = PBXBuildFile; fileRef = F346DBBC1AB4AC5A00A84BEE /* gittree-white.png */; };
		F346DBD41AB4AC5A00A84BEE /* home-green.png in Resources */ = {isa = PBXBuildFile; fileRef = F346DBBE1AB4AC5A00A84BEE /* home-green.png */; };
		F346DBD51AB4AC5A00A84BEE /* mail-green.png in Resources */ = {isa = PBXBuildFile; fileRef = F346DBBF1AB4AC5A00A84BEE /* mail-green.png */; };
		F346DBD61AB4AC5A00A84BEE /* mail-white.png in Resources */ = {isa = PBXBuildFile; fileRef = F346DBC01AB4AC5A00A84BEE /* mail-white.png */; };
		F346DBD71AB4AC5A00A84BEE /* password-white.png in Resources */ = {isa = PBXBuildFile; fileRef = F346DBC11AB4AC5A00A84BEE /* password-white.png */; };
		F346DBD91AB4AC5A00A84BEE /* profile-green.png in Resources */ = {isa = PBXBuildFile; fileRef = F346DBC31AB4AC5A00A84BEE /* profile-green.png */; };
		F346DBDB1AB4AC5A00A84BEE /* standings-green.png in Resources */ = {isa = PBXBuildFile; fileRef = F346DBC51AB4AC5A00A84BEE /* standings-green.png */; };
		F346DBDC1AB4AC5A00A84BEE /* task-bike-white.png in Resources */ = {isa = PBXBuildFile; fileRef = F346DBC61AB4AC5A00A84BEE /* task-bike-white.png */; };
		F346DBDD1AB4AC5A00A84BEE /* task-food-green.png in Resources */ = {isa = PBXBuildFile; fileRef = F346DBC71AB4AC5A00A84BEE /* task-food-green.png */; };
		F346DBDE1AB4AC5A00A84BEE /* task-food-white.png in Resources */ = {isa = PBXBuildFile; fileRef = F346DBC81AB4AC5A00A84BEE /* task-food-white.png */; };
		F346DBDF1AB4AC5A00A84BEE /* task-home-green.png in Resources */ = {isa = PBXBuildFile; fileRef = F346DBC91AB4AC5A00A84BEE /* task-home-green.png */; };
		F346DBE01AB4AC5A00A84BEE /* task-home-white.png in Resources */ = {isa = PBXBuildFile; fileRef = F346DBCA1AB4AC5A00A84BEE /* task-home-white.png */; };
		F346DBE11AB4AC5A00A84BEE /* task-office-green.png in Resources */ = {isa = PBXBuildFile; fileRef = F346DBCB1AB4AC5A00A84BEE /* task-office-green.png */; };
		F346DBE21AB4AC5A00A84BEE /* task-office-white.png in Resources */ = {isa = PBXBuildFile; fileRef = F346DBCC1AB4AC5A00A84BEE /* task-office-white.png */; };
		F346DBE31AB4AC5A00A84BEE /* task-transportation-green.png in Resources */ = {isa = PBXBuildFile; fileRef = F346DBCD1AB4AC5A00A84BEE /* task-transportation-green.png */; };
		F346DBE51AB4AC5A00A84BEE /* tasks-green.png in Resources */ = {isa = PBXBuildFile; fileRef = F346DBCF1AB4AC5A00A84BEE /* tasks-green.png */; };
		F34C306D1AB44C0900BA4627 /* CustomCell.swift in Sources */ = {isa = PBXBuildFile; fileRef = F34C306C1AB44C0900BA4627 /* CustomCell.swift */; };
		F3504ADD1AB45E5D0080F6EF /* tree.png in Resources */ = {isa = PBXBuildFile; fileRef = F3504ADC1AB45E5D0080F6EF /* tree.png */; };
		F3A233581AB4EACE00AEF2AD /* loading screen.png in Resources */ = {isa = PBXBuildFile; fileRef = F3A233571AB4EACE00AEF2AD /* loading screen.png */; };
		F3CCEEC31AB462D00008340C /* Tree.swift in Sources */ = {isa = PBXBuildFile; fileRef = F3CCEEC21AB462D00008340C /* Tree.swift */; };
		F3CCEEC51AB46AB90008340C /* DetailTree.swift in Sources */ = {isa = PBXBuildFile; fileRef = F3CCEEC41AB46AB90008340C /* DetailTree.swift */; };
		F3FB9FEB1AB551EE00EBF952 /* UserData.swift in Sources */ = {isa = PBXBuildFile; fileRef = F3FB9FEA1AB551EE00EBF952 /* UserData.swift */; };
		F3FB9FED1AB5520400EBF952 /* UserDataManager.swift in Sources */ = {isa = PBXBuildFile; fileRef = F3FB9FEC1AB5520400EBF952 /* UserDataManager.swift */; };
		F3FF82881AB51A08006FA2D0 /* binary-a.png in Resources */ = {isa = PBXBuildFile; fileRef = F3FF82751AB51A08006FA2D0 /* binary-a.png */; };
		F3FF82891AB51A08006FA2D0 /* binary-b.png in Resources */ = {isa = PBXBuildFile; fileRef = F3FF82761AB51A08006FA2D0 /* binary-b.png */; };
		F3FF828A1AB51A08006FA2D0 /* binary-c.png in Resources */ = {isa = PBXBuildFile; fileRef = F3FF82771AB51A08006FA2D0 /* binary-c.png */; };
		F3FF828B1AB51A08006FA2D0 /* git-a.png in Resources */ = {isa = PBXBuildFile; fileRef = F3FF82781AB51A08006FA2D0 /* git-a.png */; };
		F3FF828C1AB51A08006FA2D0 /* git-b.png in Resources */ = {isa = PBXBuildFile; fileRef = F3FF82791AB51A08006FA2D0 /* git-b.png */; };
		F3FF828D1AB51A08006FA2D0 /* git-c.png in Resources */ = {isa = PBXBuildFile; fileRef = F3FF827A1AB51A08006FA2D0 /* git-c.png */; };
		F3FF828E1AB51A08006FA2D0 /* money-a.png in Resources */ = {isa = PBXBuildFile; fileRef = F3FF827B1AB51A08006FA2D0 /* money-a.png */; };
		F3FF828F1AB51A08006FA2D0 /* money-b.png in Resources */ = {isa = PBXBuildFile; fileRef = F3FF827C1AB51A08006FA2D0 /* money-b.png */; };
		F3FF82901AB51A08006FA2D0 /* money-c.png in Resources */ = {isa = PBXBuildFile; fileRef = F3FF827D1AB51A08006FA2D0 /* money-c.png */; };
		F3FF82911AB51A08006FA2D0 /* pine-a.png in Resources */ = {isa = PBXBuildFile; fileRef = F3FF827E1AB51A08006FA2D0 /* pine-a.png */; };
		F3FF82921AB51A08006FA2D0 /* pine-b.png in Resources */ = {isa = PBXBuildFile; fileRef = F3FF827F1AB51A08006FA2D0 /* pine-b.png */; };
		F3FF82931AB51A08006FA2D0 /* pine-c.png in Resources */ = {isa = PBXBuildFile; fileRef = F3FF82801AB51A08006FA2D0 /* pine-c.png */; };
		F3FF82941AB51A08006FA2D0 /* plain-a.png in Resources */ = {isa = PBXBuildFile; fileRef = F3FF82811AB51A08006FA2D0 /* plain-a.png */; };
		F3FF82951AB51A08006FA2D0 /* plain-b.png in Resources */ = {isa = PBXBuildFile; fileRef = F3FF82821AB51A08006FA2D0 /* plain-b.png */; };
		F3FF82961AB51A08006FA2D0 /* plain-c.png in Resources */ = {isa = PBXBuildFile; fileRef = F3FF82831AB51A08006FA2D0 /* plain-c.png */; };
		F3FF82971AB51A08006FA2D0 /* question.png in Resources */ = {isa = PBXBuildFile; fileRef = F3FF82841AB51A08006FA2D0 /* question.png */; };
		F3FF82981AB51A08006FA2D0 /* snoopy-a.png in Resources */ = {isa = PBXBuildFile; fileRef = F3FF82851AB51A08006FA2D0 /* snoopy-a.png */; };
		F3FF82991AB51A08006FA2D0 /* snoopy-b.png in Resources */ = {isa = PBXBuildFile; fileRef = F3FF82861AB51A08006FA2D0 /* snoopy-b.png */; };
		F3FF829A1AB51A08006FA2D0 /* snoopy-c.png in Resources */ = {isa = PBXBuildFile; fileRef = F3FF82871AB51A08006FA2D0 /* snoopy-c.png */; };
		F3FF829C1AB535C5006FA2D0 /* FacebookSDK.framework in Frameworks */ = {isa = PBXBuildFile; fileRef = F3FF829B1AB535C5006FA2D0 /* FacebookSDK.framework */; };
/* End PBXBuildFile section */

/* Begin PBXContainerItemProxy section */
		BAAE19F21AB3DECE0008ED97 /* PBXContainerItemProxy */ = {
			isa = PBXContainerItemProxy;
			containerPortal = BAAE19D41AB3DECE0008ED97 /* Project object */;
			proxyType = 1;
			remoteGlobalIDString = BAAE19DB1AB3DECE0008ED97;
			remoteInfo = CO2ree;
		};
/* End PBXContainerItemProxy section */

/* Begin PBXFileReference section */
		BA221D4D1AB4370800DD7AC7 /* TaskLibrary.swift */ = {isa = PBXFileReference; fileEncoding = 4; lastKnownFileType = sourcecode.swift; path = TaskLibrary.swift; sourceTree = "<group>"; };
		BA221D7F1AB4569F00DD7AC7 /* TasksByCategory.swift */ = {isa = PBXFileReference; fileEncoding = 4; lastKnownFileType = sourcecode.swift; path = TasksByCategory.swift; sourceTree = "<group>"; };
		BA4B42F71AB5604900D5C513 /* RESTClient.swift */ = {isa = PBXFileReference; fileEncoding = 4; lastKnownFileType = sourcecode.swift; path = RESTClient.swift; sourceTree = "<group>"; };
		BA4DCD301AB4AAF900DFC265 /* User.swift */ = {isa = PBXFileReference; fileEncoding = 4; lastKnownFileType = sourcecode.swift; path = User.swift; sourceTree = "<group>"; };
		BA4DCD321AB4B17600DFC265 /* LogIn.swift */ = {isa = PBXFileReference; fileEncoding = 4; lastKnownFileType = sourcecode.swift; path = LogIn.swift; sourceTree = "<group>"; };
		BA4DCD341AB4B88B00DFC265 /* LoginWithFacebookButton.png */ = {isa = PBXFileReference; lastKnownFileType = image.png; path = LoginWithFacebookButton.png; sourceTree = "<group>"; };
		BA4DCD351AB4B88B00DFC265 /* loginWithEmailButton.png */ = {isa = PBXFileReference; lastKnownFileType = image.png; path = loginWithEmailButton.png; sourceTree = "<group>"; };
		BA4DCD361AB4B88B00DFC265 /* signUpButton.png */ = {isa = PBXFileReference; lastKnownFileType = image.png; path = signUpButton.png; sourceTree = "<group>"; };
		BA4DCD3A1AB4BB9900DFC265 /* SignUp.swift */ = {isa = PBXFileReference; fileEncoding = 4; lastKnownFileType = sourcecode.swift; path = SignUp.swift; sourceTree = "<group>"; };
		BA4DCD3C1AB4BBEC00DFC265 /* WhyNeedLogin.swift */ = {isa = PBXFileReference; fileEncoding = 4; lastKnownFileType = sourcecode.swift; path = WhyNeedLogin.swift; sourceTree = "<group>"; };
		BA4DCD3E1AB4BC6900DFC265 /* LoginWithEmail.swift */ = {isa = PBXFileReference; fileEncoding = 4; lastKnownFileType = sourcecode.swift; path = LoginWithEmail.swift; sourceTree = "<group>"; };
		BA4DCD401AB4CE5C00DFC265 /* LoginWithFB.swift */ = {isa = PBXFileReference; fileEncoding = 4; lastKnownFileType = sourcecode.swift; path = LoginWithFB.swift; sourceTree = "<group>"; };
		BA4DCD421AB4D65A00DFC265 /* signUpWithEmailButton.png */ = {isa = PBXFileReference; lastKnownFileType = image.png; path = signUpWithEmailButton.png; sourceTree = "<group>"; };
		BA4DCD431AB4D65A00DFC265 /* SignUpWithFBButton.png */ = {isa = PBXFileReference; lastKnownFileType = image.png; path = SignUpWithFBButton.png; sourceTree = "<group>"; };
		BA4DCD461AB4D6BC00DFC265 /* SignUpWithEmail.swift */ = {isa = PBXFileReference; fileEncoding = 4; lastKnownFileType = sourcecode.swift; path = SignUpWithEmail.swift; sourceTree = "<group>"; };
		BA4DCD481AB4EA8200DFC265 /* Welcome.swift */ = {isa = PBXFileReference; fileEncoding = 4; lastKnownFileType = sourcecode.swift; path = Welcome.swift; sourceTree = "<group>"; };
		BA5337521AB3EAE7004450C7 /* aboutus.jpg */ = {isa = PBXFileReference; lastKnownFileType = image.jpeg; path = aboutus.jpg; sourceTree = "<group>"; };
		BA5337531AB3EAE7004450C7 /* achievement.jpg */ = {isa = PBXFileReference; lastKnownFileType = image.jpeg; path = achievement.jpg; sourceTree = "<group>"; };
		BA5337551AB3EAE7004450C7 /* profile.jpg */ = {isa = PBXFileReference; lastKnownFileType = image.jpeg; path = profile.jpg; sourceTree = "<group>"; };
		BA5337561AB3EAE7004450C7 /* statistics.jpg */ = {isa = PBXFileReference; lastKnownFileType = image.jpeg; path = statistics.jpg; sourceTree = "<group>"; };
		BA5337571AB3EAE7004450C7 /* tree.jpg */ = {isa = PBXFileReference; lastKnownFileType = image.jpeg; path = tree.jpg; sourceTree = "<group>"; };
		BA53375E1AB3ED71004450C7 /* Tasks.swift */ = {isa = PBXFileReference; fileEncoding = 4; lastKnownFileType = sourcecode.swift; path = Tasks.swift; sourceTree = "<group>"; };
		BA5337601AB3F15D004450C7 /* Garden.swift */ = {isa = PBXFileReference; fileEncoding = 4; lastKnownFileType = sourcecode.swift; path = Garden.swift; sourceTree = "<group>"; };
		BA5337621AB3F187004450C7 /* Standings.swift */ = {isa = PBXFileReference; fileEncoding = 4; lastKnownFileType = sourcecode.swift; path = Standings.swift; sourceTree = "<group>"; };
		BA5337641AB3F19E004450C7 /* Profile.swift */ = {isa = PBXFileReference; fileEncoding = 4; lastKnownFileType = sourcecode.swift; path = Profile.swift; sourceTree = "<group>"; };
		BA53376A1AB3F88A004450C7 /* foodButton.jpg */ = {isa = PBXFileReference; lastKnownFileType = image.jpeg; path = foodButton.jpg; sourceTree = "<group>"; };
		BA53376B1AB3F88A004450C7 /* homeButton.jpg */ = {isa = PBXFileReference; lastKnownFileType = image.jpeg; path = homeButton.jpg; sourceTree = "<group>"; };
		BA53376C1AB3F88A004450C7 /* schoolButton.jpg */ = {isa = PBXFileReference; lastKnownFileType = image.jpeg; path = schoolButton.jpg; sourceTree = "<group>"; };
		BA53376D1AB3F88A004450C7 /* transportationButton.jpg */ = {isa = PBXFileReference; lastKnownFileType = image.jpeg; path = transportationButton.jpg; sourceTree = "<group>"; };
		BA5337761AB41462004450C7 /* transportationGraph.jpg */ = {isa = PBXFileReference; lastKnownFileType = image.jpeg; path = transportationGraph.jpg; sourceTree = "<group>"; };
		BA5337781AB41656004450C7 /* foodGraph.jpg */ = {isa = PBXFileReference; lastKnownFileType = image.jpeg; path = foodGraph.jpg; sourceTree = "<group>"; };
		BA53377A1AB416C3004450C7 /* homeGraph.jpg */ = {isa = PBXFileReference; lastKnownFileType = image.jpeg; path = homeGraph.jpg; sourceTree = "<group>"; };
		BA53377B1AB416C3004450C7 /* schoolGraph.jpg */ = {isa = PBXFileReference; lastKnownFileType = image.jpeg; path = schoolGraph.jpg; sourceTree = "<group>"; };
		BA53377E1AB418E1004450C7 /* back.png */ = {isa = PBXFileReference; lastKnownFileType = image.png; path = back.png; sourceTree = "<group>"; };
		BA9291D81AB50849007E6AC1 /* Header.h */ = {isa = PBXFileReference; lastKnownFileType = sourcecode.c.h; path = Header.h; sourceTree = "<group>"; };
		BA9291D91AB51113007E6AC1 /* SignUpWithFB.swift */ = {isa = PBXFileReference; fileEncoding = 4; lastKnownFileType = sourcecode.swift; path = SignUpWithFB.swift; sourceTree = "<group>"; };
		BAAE19DC1AB3DECE0008ED97 /* CO2ree.app */ = {isa = PBXFileReference; explicitFileType = wrapper.application; includeInIndex = 0; path = CO2ree.app; sourceTree = BUILT_PRODUCTS_DIR; };
		BAAE19E01AB3DECE0008ED97 /* Info.plist */ = {isa = PBXFileReference; lastKnownFileType = text.plist.xml; path = Info.plist; sourceTree = "<group>"; };
		BAAE19E11AB3DECE0008ED97 /* AppDelegate.swift */ = {isa = PBXFileReference; lastKnownFileType = sourcecode.swift; path = AppDelegate.swift; sourceTree = "<group>"; };
		BAAE19E31AB3DECE0008ED97 /* Home.swift */ = {isa = PBXFileReference; lastKnownFileType = sourcecode.swift; path = Home.swift; sourceTree = "<group>"; };
		BAAE19E61AB3DECE0008ED97 /* Base */ = {isa = PBXFileReference; lastKnownFileType = file.storyboard; name = Base; path = Base.lproj/Main.storyboard; sourceTree = "<group>"; };
		BAAE19E81AB3DECE0008ED97 /* Images.xcassets */ = {isa = PBXFileReference; lastKnownFileType = folder.assetcatalog; path = Images.xcassets; sourceTree = "<group>"; };
		BAAE19EB1AB3DECE0008ED97 /* Base */ = {isa = PBXFileReference; lastKnownFileType = file.xib; name = Base; path = Base.lproj/LaunchScreen.xib; sourceTree = "<group>"; };
		BAAE19F11AB3DECE0008ED97 /* CO2reeTests.xctest */ = {isa = PBXFileReference; explicitFileType = wrapper.cfbundle; includeInIndex = 0; path = CO2reeTests.xctest; sourceTree = BUILT_PRODUCTS_DIR; };
		BAAE19F61AB3DECE0008ED97 /* Info.plist */ = {isa = PBXFileReference; lastKnownFileType = text.plist.xml; path = Info.plist; sourceTree = "<group>"; };
		BAAE19F71AB3DECE0008ED97 /* CO2reeTests.swift */ = {isa = PBXFileReference; lastKnownFileType = sourcecode.swift; path = CO2reeTests.swift; sourceTree = "<group>"; };
		BAC3FE931AB52F76005AA71F /* ViewController.swift */ = {isa = PBXFileReference; fileEncoding = 4; lastKnownFileType = sourcecode.swift; path = ViewController.swift; sourceTree = "<group>"; };
		BAD3AA7A1AB4722400470F8B /* TaskDetail.swift */ = {isa = PBXFileReference; fileEncoding = 4; lastKnownFileType = sourcecode.swift; path = TaskDetail.swift; sourceTree = "<group>"; };
		F334F4BC1AB4B13E00A35510 /* Color.swift */ = {isa = PBXFileReference; fileEncoding = 4; lastKnownFileType = sourcecode.swift; path = Color.swift; sourceTree = "<group>"; };
		F334F4CA1AB4D85500A35510 /* home-gray.png */ = {isa = PBXFileReference; lastKnownFileType = image.png; path = "home-gray.png"; sourceTree = "<group>"; };
		F334F4CB1AB4D85500A35510 /* profile-gray.png */ = {isa = PBXFileReference; lastKnownFileType = image.png; path = "profile-gray.png"; sourceTree = "<group>"; };
		F334F4CC1AB4D85500A35510 /* standings-gray.png */ = {isa = PBXFileReference; lastKnownFileType = image.png; path = "standings-gray.png"; sourceTree = "<group>"; };
		F334F4CD1AB4D85500A35510 /* tasks-gray.png */ = {isa = PBXFileReference; lastKnownFileType = image.png; path = "tasks-gray.png"; sourceTree = "<group>"; };
		F334F4D41AB4D8E600A35510 /* 05tree.png */ = {isa = PBXFileReference; lastKnownFileType = image.png; path = 05tree.png; sourceTree = "<group>"; };
		F346DBBA1AB4AC5A00A84BEE /* facebook-green.png */ = {isa = PBXFileReference; lastKnownFileType = image.png; path = "facebook-green.png"; sourceTree = "<group>"; };
		F346DBBB1AB4AC5A00A84BEE /* garden-green.png */ = {isa = PBXFileReference; lastKnownFileType = image.png; path = "garden-green.png"; sourceTree = "<group>"; };
		F346DBBC1AB4AC5A00A84BEE /* gittree-white.png */ = {isa = PBXFileReference; lastKnownFileType = image.png; path = "gittree-white.png"; sourceTree = "<group>"; };
		F346DBBE1AB4AC5A00A84BEE /* home-green.png */ = {isa = PBXFileReference; lastKnownFileType = image.png; path = "home-green.png"; sourceTree = "<group>"; };
		F346DBBF1AB4AC5A00A84BEE /* mail-green.png */ = {isa = PBXFileReference; lastKnownFileType = image.png; path = "mail-green.png"; sourceTree = "<group>"; };
		F346DBC01AB4AC5A00A84BEE /* mail-white.png */ = {isa = PBXFileReference; lastKnownFileType = image.png; path = "mail-white.png"; sourceTree = "<group>"; };
		F346DBC11AB4AC5A00A84BEE /* password-white.png */ = {isa = PBXFileReference; lastKnownFileType = image.png; path = "password-white.png"; sourceTree = "<group>"; };
		F346DBC31AB4AC5A00A84BEE /* profile-green.png */ = {isa = PBXFileReference; lastKnownFileType = image.png; path = "profile-green.png"; sourceTree = "<group>"; };
		F346DBC51AB4AC5A00A84BEE /* standings-green.png */ = {isa = PBXFileReference; lastKnownFileType = image.png; path = "standings-green.png"; sourceTree = "<group>"; };
		F346DBC61AB4AC5A00A84BEE /* task-bike-white.png */ = {isa = PBXFileReference; lastKnownFileType = image.png; path = "task-bike-white.png"; sourceTree = "<group>"; };
		F346DBC71AB4AC5A00A84BEE /* task-food-green.png */ = {isa = PBXFileReference; lastKnownFileType = image.png; path = "task-food-green.png"; sourceTree = "<group>"; };
		F346DBC81AB4AC5A00A84BEE /* task-food-white.png */ = {isa = PBXFileReference; lastKnownFileType = image.png; path = "task-food-white.png"; sourceTree = "<group>"; };
		F346DBC91AB4AC5A00A84BEE /* task-home-green.png */ = {isa = PBXFileReference; lastKnownFileType = image.png; path = "task-home-green.png"; sourceTree = "<group>"; };
		F346DBCA1AB4AC5A00A84BEE /* task-home-white.png */ = {isa = PBXFileReference; lastKnownFileType = image.png; path = "task-home-white.png"; sourceTree = "<group>"; };
		F346DBCB1AB4AC5A00A84BEE /* task-office-green.png */ = {isa = PBXFileReference; lastKnownFileType = image.png; path = "task-office-green.png"; sourceTree = "<group>"; };
		F346DBCC1AB4AC5A00A84BEE /* task-office-white.png */ = {isa = PBXFileReference; lastKnownFileType = image.png; path = "task-office-white.png"; sourceTree = "<group>"; };
		F346DBCD1AB4AC5A00A84BEE /* task-transportation-green.png */ = {isa = PBXFileReference; lastKnownFileType = image.png; path = "task-transportation-green.png"; sourceTree = "<group>"; };
		F346DBCF1AB4AC5A00A84BEE /* tasks-green.png */ = {isa = PBXFileReference; lastKnownFileType = image.png; path = "tasks-green.png"; sourceTree = "<group>"; };
		F34C306C1AB44C0900BA4627 /* CustomCell.swift */ = {isa = PBXFileReference; fileEncoding = 4; lastKnownFileType = sourcecode.swift; path = CustomCell.swift; sourceTree = "<group>"; };
		F3504ADC1AB45E5D0080F6EF /* tree.png */ = {isa = PBXFileReference; lastKnownFileType = image.png; path = tree.png; sourceTree = "<group>"; };
		F3A233571AB4EACE00AEF2AD /* loading screen.png */ = {isa = PBXFileReference; lastKnownFileType = image.png; path = "loading screen.png"; sourceTree = "<group>"; };
		F3CCEEC21AB462D00008340C /* Tree.swift */ = {isa = PBXFileReference; fileEncoding = 4; lastKnownFileType = sourcecode.swift; path = Tree.swift; sourceTree = "<group>"; };
		F3CCEEC41AB46AB90008340C /* DetailTree.swift */ = {isa = PBXFileReference; fileEncoding = 4; lastKnownFileType = sourcecode.swift; path = DetailTree.swift; sourceTree = "<group>"; };
		F3FB9FEA1AB551EE00EBF952 /* UserData.swift */ = {isa = PBXFileReference; fileEncoding = 4; lastKnownFileType = sourcecode.swift; path = UserData.swift; sourceTree = "<group>"; };
		F3FB9FEC1AB5520400EBF952 /* UserDataManager.swift */ = {isa = PBXFileReference; fileEncoding = 4; lastKnownFileType = sourcecode.swift; path = UserDataManager.swift; sourceTree = "<group>"; };
		F3FF82751AB51A08006FA2D0 /* binary-a.png */ = {isa = PBXFileReference; lastKnownFileType = image.png; path = "binary-a.png"; sourceTree = "<group>"; };
		F3FF82761AB51A08006FA2D0 /* binary-b.png */ = {isa = PBXFileReference; lastKnownFileType = image.png; path = "binary-b.png"; sourceTree = "<group>"; };
		F3FF82771AB51A08006FA2D0 /* binary-c.png */ = {isa = PBXFileReference; lastKnownFileType = image.png; path = "binary-c.png"; sourceTree = "<group>"; };
		F3FF82781AB51A08006FA2D0 /* git-a.png */ = {isa = PBXFileReference; lastKnownFileType = image.png; path = "git-a.png"; sourceTree = "<group>"; };
		F3FF82791AB51A08006FA2D0 /* git-b.png */ = {isa = PBXFileReference; lastKnownFileType = image.png; path = "git-b.png"; sourceTree = "<group>"; };
		F3FF827A1AB51A08006FA2D0 /* git-c.png */ = {isa = PBXFileReference; lastKnownFileType = image.png; path = "git-c.png"; sourceTree = "<group>"; };
		F3FF827B1AB51A08006FA2D0 /* money-a.png */ = {isa = PBXFileReference; lastKnownFileType = image.png; path = "money-a.png"; sourceTree = "<group>"; };
		F3FF827C1AB51A08006FA2D0 /* money-b.png */ = {isa = PBXFileReference; lastKnownFileType = image.png; path = "money-b.png"; sourceTree = "<group>"; };
		F3FF827D1AB51A08006FA2D0 /* money-c.png */ = {isa = PBXFileReference; lastKnownFileType = image.png; path = "money-c.png"; sourceTree = "<group>"; };
		F3FF827E1AB51A08006FA2D0 /* pine-a.png */ = {isa = PBXFileReference; lastKnownFileType = image.png; path = "pine-a.png"; sourceTree = "<group>"; };
		F3FF827F1AB51A08006FA2D0 /* pine-b.png */ = {isa = PBXFileReference; lastKnownFileType = image.png; path = "pine-b.png"; sourceTree = "<group>"; };
		F3FF82801AB51A08006FA2D0 /* pine-c.png */ = {isa = PBXFileReference; lastKnownFileType = image.png; path = "pine-c.png"; sourceTree = "<group>"; };
		F3FF82811AB51A08006FA2D0 /* plain-a.png */ = {isa = PBXFileReference; lastKnownFileType = image.png; path = "plain-a.png"; sourceTree = "<group>"; };
		F3FF82821AB51A08006FA2D0 /* plain-b.png */ = {isa = PBXFileReference; lastKnownFileType = image.png; path = "plain-b.png"; sourceTree = "<group>"; };
		F3FF82831AB51A08006FA2D0 /* plain-c.png */ = {isa = PBXFileReference; lastKnownFileType = image.png; path = "plain-c.png"; sourceTree = "<group>"; };
		F3FF82841AB51A08006FA2D0 /* question.png */ = {isa = PBXFileReference; lastKnownFileType = image.png; path = question.png; sourceTree = "<group>"; };
		F3FF82851AB51A08006FA2D0 /* snoopy-a.png */ = {isa = PBXFileReference; lastKnownFileType = image.png; path = "snoopy-a.png"; sourceTree = "<group>"; };
		F3FF82861AB51A08006FA2D0 /* snoopy-b.png */ = {isa = PBXFileReference; lastKnownFileType = image.png; path = "snoopy-b.png"; sourceTree = "<group>"; };
		F3FF82871AB51A08006FA2D0 /* snoopy-c.png */ = {isa = PBXFileReference; lastKnownFileType = image.png; path = "snoopy-c.png"; sourceTree = "<group>"; };
		F3FF829B1AB535C5006FA2D0 /* FacebookSDK.framework */ = {isa = PBXFileReference; lastKnownFileType = wrapper.framework; path = FacebookSDK.framework; sourceTree = "<group>"; };
/* End PBXFileReference section */

/* Begin PBXFrameworksBuildPhase section */
		BAAE19D91AB3DECE0008ED97 /* Frameworks */ = {
			isa = PBXFrameworksBuildPhase;
			buildActionMask = 2147483647;
			files = (
				F3FF829C1AB535C5006FA2D0 /* FacebookSDK.framework in Frameworks */,
			);
			runOnlyForDeploymentPostprocessing = 0;
		};
		BAAE19EE1AB3DECE0008ED97 /* Frameworks */ = {
			isa = PBXFrameworksBuildPhase;
			buildActionMask = 2147483647;
			files = (
			);
			runOnlyForDeploymentPostprocessing = 0;
		};
/* End PBXFrameworksBuildPhase section */

/* Begin PBXGroup section */
		BA5337501AB3EA2C004450C7 /* view */ = {
			isa = PBXGroup;
			children = (
				BA4DCD321AB4B17600DFC265 /* LogIn.swift */,
				BA4DCD401AB4CE5C00DFC265 /* LoginWithFB.swift */,
				BA4DCD3E1AB4BC6900DFC265 /* LoginWithEmail.swift */,
				BA4DCD3C1AB4BBEC00DFC265 /* WhyNeedLogin.swift */,
				BA4DCD3A1AB4BB9900DFC265 /* SignUp.swift */,
				BA9291D91AB51113007E6AC1 /* SignUpWithFB.swift */,
				BA4DCD461AB4D6BC00DFC265 /* SignUpWithEmail.swift */,
				BA4DCD481AB4EA8200DFC265 /* Welcome.swift */,
				BAAE19E31AB3DECE0008ED97 /* Home.swift */,
				BA53375E1AB3ED71004450C7 /* Tasks.swift */,
				BA221D7F1AB4569F00DD7AC7 /* TasksByCategory.swift */,
				BAD3AA7A1AB4722400470F8B /* TaskDetail.swift */,
				BA5337601AB3F15D004450C7 /* Garden.swift */,
				BA5337621AB3F187004450C7 /* Standings.swift */,
				BA5337641AB3F19E004450C7 /* Profile.swift */,
				F34C306C1AB44C0900BA4627 /* CustomCell.swift */,
				F3CCEEC41AB46AB90008340C /* DetailTree.swift */,
				BA4DCD301AB4AAF900DFC265 /* User.swift */,
				BAC3FE931AB52F76005AA71F /* ViewController.swift */,
			);
			name = view;
			sourceTree = "<group>";
		};
		BA5337511AB3EA46004450C7 /* images */ = {
			isa = PBXGroup;
			children = (
				F3FF82501AB515A8006FA2D0 /* trees */,
				F334F4D41AB4D8E600A35510 /* 05tree.png */,
				F334F4CA1AB4D85500A35510 /* home-gray.png */,
				F3A233571AB4EACE00AEF2AD /* loading screen.png */,
				F334F4CB1AB4D85500A35510 /* profile-gray.png */,
				F334F4CC1AB4D85500A35510 /* standings-gray.png */,
				F334F4CD1AB4D85500A35510 /* tasks-gray.png */,
				F346DBBA1AB4AC5A00A84BEE /* facebook-green.png */,
				F346DBBB1AB4AC5A00A84BEE /* garden-green.png */,
				F346DBBC1AB4AC5A00A84BEE /* gittree-white.png */,
				F346DBBE1AB4AC5A00A84BEE /* home-green.png */,
				F346DBBF1AB4AC5A00A84BEE /* mail-green.png */,
				F346DBC01AB4AC5A00A84BEE /* mail-white.png */,
				F346DBC11AB4AC5A00A84BEE /* password-white.png */,
				F346DBC31AB4AC5A00A84BEE /* profile-green.png */,
				F346DBC51AB4AC5A00A84BEE /* standings-green.png */,
				F346DBC61AB4AC5A00A84BEE /* task-bike-white.png */,
				F346DBC71AB4AC5A00A84BEE /* task-food-green.png */,
				F346DBC81AB4AC5A00A84BEE /* task-food-white.png */,
				F346DBC91AB4AC5A00A84BEE /* task-home-green.png */,
				F346DBCA1AB4AC5A00A84BEE /* task-home-white.png */,
				F346DBCB1AB4AC5A00A84BEE /* task-office-green.png */,
				F346DBCC1AB4AC5A00A84BEE /* task-office-white.png */,
				F346DBCD1AB4AC5A00A84BEE /* task-transportation-green.png */,
				F346DBCF1AB4AC5A00A84BEE /* tasks-green.png */,
				BA4DCD421AB4D65A00DFC265 /* signUpWithEmailButton.png */,
				BA4DCD431AB4D65A00DFC265 /* SignUpWithFBButton.png */,
				BA4DCD341AB4B88B00DFC265 /* LoginWithFacebookButton.png */,
				BA4DCD351AB4B88B00DFC265 /* loginWithEmailButton.png */,
				BA4DCD361AB4B88B00DFC265 /* signUpButton.png */,
				BA53377E1AB418E1004450C7 /* back.png */,
				F3504ADC1AB45E5D0080F6EF /* tree.png */,
				BA5337781AB41656004450C7 /* foodGraph.jpg */,
				BA5337761AB41462004450C7 /* transportationGraph.jpg */,
				BA53377A1AB416C3004450C7 /* homeGraph.jpg */,
				BA53377B1AB416C3004450C7 /* schoolGraph.jpg */,
				BA53376A1AB3F88A004450C7 /* foodButton.jpg */,
				BA53376B1AB3F88A004450C7 /* homeButton.jpg */,
				BA53376C1AB3F88A004450C7 /* schoolButton.jpg */,
				BA53376D1AB3F88A004450C7 /* transportationButton.jpg */,
				BA5337521AB3EAE7004450C7 /* aboutus.jpg */,
				BA5337531AB3EAE7004450C7 /* achievement.jpg */,
				BA5337551AB3EAE7004450C7 /* profile.jpg */,
				BA5337561AB3EAE7004450C7 /* statistics.jpg */,
				BA5337571AB3EAE7004450C7 /* tree.jpg */,
			);
			name = images;
			sourceTree = "<group>";
		};
		BAAE19D31AB3DECE0008ED97 = {
			isa = PBXGroup;
			children = (
				F3FF829B1AB535C5006FA2D0 /* FacebookSDK.framework */,
				BAAE19DE1AB3DECE0008ED97 /* CO2ree */,
				BAAE19F41AB3DECE0008ED97 /* CO2reeTests */,
				BAAE19DD1AB3DECE0008ED97 /* Products */,
			);
			sourceTree = "<group>";
		};
		BAAE19DD1AB3DECE0008ED97 /* Products */ = {
			isa = PBXGroup;
			children = (
				BAAE19DC1AB3DECE0008ED97 /* CO2ree.app */,
				BAAE19F11AB3DECE0008ED97 /* CO2reeTests.xctest */,
			);
			name = Products;
			sourceTree = "<group>";
		};
		BAAE19DE1AB3DECE0008ED97 /* CO2ree */ = {
			isa = PBXGroup;
			children = (
				F3FB9FE91AB551AF00EBF952 /* UserData */,
				BA5337511AB3EA46004450C7 /* images */,
				BA5337501AB3EA2C004450C7 /* view */,
				BAAE19E11AB3DECE0008ED97 /* AppDelegate.swift */,
				BA4B42F71AB5604900D5C513 /* RESTClient.swift */,
				BAAE19E51AB3DECE0008ED97 /* Main.storyboard */,
				BAAE19E81AB3DECE0008ED97 /* Images.xcassets */,
				BAAE19EA1AB3DECE0008ED97 /* LaunchScreen.xib */,
				BAAE19DF1AB3DECE0008ED97 /* Supporting Files */,
				F3CCEEC21AB462D00008340C /* Tree.swift */,
				BA221D4D1AB4370800DD7AC7 /* TaskLibrary.swift */,
				F334F4BC1AB4B13E00A35510 /* Color.swift */,
				BA9291D81AB50849007E6AC1 /* Header.h */,
			);
			path = CO2ree;
			sourceTree = "<group>";
		};
		BAAE19DF1AB3DECE0008ED97 /* Supporting Files */ = {
			isa = PBXGroup;
			children = (
				BAAE19E01AB3DECE0008ED97 /* Info.plist */,
			);
			name = "Supporting Files";
			sourceTree = "<group>";
		};
		BAAE19F41AB3DECE0008ED97 /* CO2reeTests */ = {
			isa = PBXGroup;
			children = (
				BAAE19F71AB3DECE0008ED97 /* CO2reeTests.swift */,
				BAAE19F51AB3DECE0008ED97 /* Supporting Files */,
			);
			path = CO2reeTests;
			sourceTree = "<group>";
		};
		BAAE19F51AB3DECE0008ED97 /* Supporting Files */ = {
			isa = PBXGroup;
			children = (
				BAAE19F61AB3DECE0008ED97 /* Info.plist */,
			);
			name = "Supporting Files";
			sourceTree = "<group>";
		};
		F3FB9FE91AB551AF00EBF952 /* UserData */ = {
			isa = PBXGroup;
			children = (
				F3FB9FEA1AB551EE00EBF952 /* UserData.swift */,
				F3FB9FEC1AB5520400EBF952 /* UserDataManager.swift */,
			);
			name = UserData;
			sourceTree = "<group>";
		};
		F3FF82501AB515A8006FA2D0 /* trees */ = {
			isa = PBXGroup;
			children = (
				F3FF82751AB51A08006FA2D0 /* binary-a.png */,
				F3FF82761AB51A08006FA2D0 /* binary-b.png */,
				F3FF82771AB51A08006FA2D0 /* binary-c.png */,
				F3FF82781AB51A08006FA2D0 /* git-a.png */,
				F3FF82791AB51A08006FA2D0 /* git-b.png */,
				F3FF827A1AB51A08006FA2D0 /* git-c.png */,
				F3FF827B1AB51A08006FA2D0 /* money-a.png */,
				F3FF827C1AB51A08006FA2D0 /* money-b.png */,
				F3FF827D1AB51A08006FA2D0 /* money-c.png */,
				F3FF827E1AB51A08006FA2D0 /* pine-a.png */,
				F3FF827F1AB51A08006FA2D0 /* pine-b.png */,
				F3FF82801AB51A08006FA2D0 /* pine-c.png */,
				F3FF82811AB51A08006FA2D0 /* plain-a.png */,
				F3FF82821AB51A08006FA2D0 /* plain-b.png */,
				F3FF82831AB51A08006FA2D0 /* plain-c.png */,
				F3FF82841AB51A08006FA2D0 /* question.png */,
				F3FF82851AB51A08006FA2D0 /* snoopy-a.png */,
				F3FF82861AB51A08006FA2D0 /* snoopy-b.png */,
				F3FF82871AB51A08006FA2D0 /* snoopy-c.png */,
			);
			name = trees;
			sourceTree = "<group>";
		};
/* End PBXGroup section */

/* Begin PBXNativeTarget section */
		BAAE19DB1AB3DECE0008ED97 /* CO2ree */ = {
			isa = PBXNativeTarget;
			buildConfigurationList = BAAE19FB1AB3DECE0008ED97 /* Build configuration list for PBXNativeTarget "CO2ree" */;
			buildPhases = (
				BAAE19D81AB3DECE0008ED97 /* Sources */,
				BAAE19D91AB3DECE0008ED97 /* Frameworks */,
				BAAE19DA1AB3DECE0008ED97 /* Resources */,
			);
			buildRules = (
			);
			dependencies = (
			);
			name = CO2ree;
			productName = CO2ree;
			productReference = BAAE19DC1AB3DECE0008ED97 /* CO2ree.app */;
			productType = "com.apple.product-type.application";
		};
		BAAE19F01AB3DECE0008ED97 /* CO2reeTests */ = {
			isa = PBXNativeTarget;
			buildConfigurationList = BAAE19FE1AB3DECE0008ED97 /* Build configuration list for PBXNativeTarget "CO2reeTests" */;
			buildPhases = (
				BAAE19ED1AB3DECE0008ED97 /* Sources */,
				BAAE19EE1AB3DECE0008ED97 /* Frameworks */,
				BAAE19EF1AB3DECE0008ED97 /* Resources */,
			);
			buildRules = (
			);
			dependencies = (
				BAAE19F31AB3DECE0008ED97 /* PBXTargetDependency */,
			);
			name = CO2reeTests;
			productName = CO2reeTests;
			productReference = BAAE19F11AB3DECE0008ED97 /* CO2reeTests.xctest */;
			productType = "com.apple.product-type.bundle.unit-test";
		};
/* End PBXNativeTarget section */

/* Begin PBXProject section */
		BAAE19D41AB3DECE0008ED97 /* Project object */ = {
			isa = PBXProject;
			attributes = {
				LastUpgradeCheck = 0610;
				ORGANIZATIONNAME = SOJUniverse;
				TargetAttributes = {
					BAAE19DB1AB3DECE0008ED97 = {
						CreatedOnToolsVersion = 6.1.1;
					};
					BAAE19F01AB3DECE0008ED97 = {
						CreatedOnToolsVersion = 6.1.1;
						TestTargetID = BAAE19DB1AB3DECE0008ED97;
					};
				};
			};
			buildConfigurationList = BAAE19D71AB3DECE0008ED97 /* Build configuration list for PBXProject "CO2ree" */;
			compatibilityVersion = "Xcode 3.2";
			developmentRegion = English;
			hasScannedForEncodings = 0;
			knownRegions = (
				en,
				Base,
			);
			mainGroup = BAAE19D31AB3DECE0008ED97;
			productRefGroup = BAAE19DD1AB3DECE0008ED97 /* Products */;
			projectDirPath = "";
			projectRoot = "";
			targets = (
				BAAE19DB1AB3DECE0008ED97 /* CO2ree */,
				BAAE19F01AB3DECE0008ED97 /* CO2reeTests */,
			);
		};
/* End PBXProject section */

/* Begin PBXResourcesBuildPhase section */
		BAAE19DA1AB3DECE0008ED97 /* Resources */ = {
			isa = PBXResourcesBuildPhase;
			buildActionMask = 2147483647;
			files = (
				F346DBD71AB4AC5A00A84BEE /* password-white.png in Resources */,
				BA53375C1AB3EAE7004450C7 /* statistics.jpg in Resources */,
				F3FF82881AB51A08006FA2D0 /* binary-a.png in Resources */,
				BA5337771AB41462004450C7 /* transportationGraph.jpg in Resources */,
				F346DBDB1AB4AC5A00A84BEE /* standings-green.png in Resources */,
				BA4DCD371AB4B88B00DFC265 /* LoginWithFacebookButton.png in Resources */,
				BA53377F1AB418E1004450C7 /* back.png in Resources */,
				BA53376E1AB3F88A004450C7 /* foodButton.jpg in Resources */,
				F3FF82931AB51A08006FA2D0 /* pine-c.png in Resources */,
				F334F4D51AB4D8E600A35510 /* 05tree.png in Resources */,
				F346DBE51AB4AC5A00A84BEE /* tasks-green.png in Resources */,
				BA4DCD451AB4D65B00DFC265 /* SignUpWithFBButton.png in Resources */,
				F3FF82961AB51A08006FA2D0 /* plain-c.png in Resources */,
				BA5337711AB3F88A004450C7 /* transportationButton.jpg in Resources */,
				BA4DCD441AB4D65B00DFC265 /* signUpWithEmailButton.png in Resources */,
				BA53377C1AB416C3004450C7 /* homeGraph.jpg in Resources */,
				F346DBD61AB4AC5A00A84BEE /* mail-white.png in Resources */,
				F346DBDF1AB4AC5A00A84BEE /* task-home-green.png in Resources */,
				F3FF828B1AB51A08006FA2D0 /* git-a.png in Resources */,
				BA5337701AB3F88A004450C7 /* schoolButton.jpg in Resources */,
				F3FF82951AB51A08006FA2D0 /* plain-b.png in Resources */,
				BAAE19E71AB3DECE0008ED97 /* Main.storyboard in Resources */,
				F3FF82991AB51A08006FA2D0 /* snoopy-b.png in Resources */,
				F346DBE21AB4AC5A00A84BEE /* task-office-white.png in Resources */,
				F346DBE01AB4AC5A00A84BEE /* task-home-white.png in Resources */,
				BA5337581AB3EAE7004450C7 /* aboutus.jpg in Resources */,
				F3FF82921AB51A08006FA2D0 /* pine-b.png in Resources */,
				F3FF82901AB51A08006FA2D0 /* money-c.png in Resources */,
				F346DBE11AB4AC5A00A84BEE /* task-office-green.png in Resources */,
				F3A233581AB4EACE00AEF2AD /* loading screen.png in Resources */,
				F346DBE31AB4AC5A00A84BEE /* task-transportation-green.png in Resources */,
				F346DBDD1AB4AC5A00A84BEE /* task-food-green.png in Resources */,
				BA53377D1AB416C3004450C7 /* schoolGraph.jpg in Resources */,
				F3FF828F1AB51A08006FA2D0 /* money-b.png in Resources */,
				F3504ADD1AB45E5D0080F6EF /* tree.png in Resources */,
				F346DBDC1AB4AC5A00A84BEE /* task-bike-white.png in Resources */,
				BA53375D1AB3EAE7004450C7 /* tree.jpg in Resources */,
				F3FF828E1AB51A08006FA2D0 /* money-a.png in Resources */,
				F3FF82971AB51A08006FA2D0 /* question.png in Resources */,
				BAAE19EC1AB3DECE0008ED97 /* LaunchScreen.xib in Resources */,
				F334F4CF1AB4D85500A35510 /* home-gray.png in Resources */,
				F346DBD41AB4AC5A00A84BEE /* home-green.png in Resources */,
				F3FF828A1AB51A08006FA2D0 /* binary-c.png in Resources */,
				F334F4D11AB4D85500A35510 /* standings-gray.png in Resources */,
				F334F4D01AB4D85500A35510 /* profile-gray.png in Resources */,
				BA53376F1AB3F88A004450C7 /* homeButton.jpg in Resources */,
				F346DBD11AB4AC5A00A84BEE /* garden-green.png in Resources */,
				F3FF82911AB51A08006FA2D0 /* pine-a.png in Resources */,
				F3FF82941AB51A08006FA2D0 /* plain-a.png in Resources */,
				F3FF82891AB51A08006FA2D0 /* binary-b.png in Resources */,
				F346DBD21AB4AC5A00A84BEE /* gittree-white.png in Resources */,
				F334F4D21AB4D85500A35510 /* tasks-gray.png in Resources */,
				F346DBD51AB4AC5A00A84BEE /* mail-green.png in Resources */,
				F3FF829A1AB51A08006FA2D0 /* snoopy-c.png in Resources */,
				BA5337791AB41656004450C7 /* foodGraph.jpg in Resources */,
				F3FF82981AB51A08006FA2D0 /* snoopy-a.png in Resources */,
				F3FF828C1AB51A08006FA2D0 /* git-b.png in Resources */,
				F346DBD01AB4AC5A00A84BEE /* facebook-green.png in Resources */,
				BA4DCD381AB4B88B00DFC265 /* loginWithEmailButton.png in Resources */,
				F3FF828D1AB51A08006FA2D0 /* git-c.png in Resources */,
				BA5337591AB3EAE7004450C7 /* achievement.jpg in Resources */,
				BA4DCD391AB4B88B00DFC265 /* signUpButton.png in Resources */,
				BAAE19E91AB3DECE0008ED97 /* Images.xcassets in Resources */,
				F346DBDE1AB4AC5A00A84BEE /* task-food-white.png in Resources */,
				BA53375B1AB3EAE7004450C7 /* profile.jpg in Resources */,
				F346DBD91AB4AC5A00A84BEE /* profile-green.png in Resources */,
			);
			runOnlyForDeploymentPostprocessing = 0;
		};
		BAAE19EF1AB3DECE0008ED97 /* Resources */ = {
			isa = PBXResourcesBuildPhase;
			buildActionMask = 2147483647;
			files = (
			);
			runOnlyForDeploymentPostprocessing = 0;
		};
/* End PBXResourcesBuildPhase section */

/* Begin PBXSourcesBuildPhase section */
		BAAE19D81AB3DECE0008ED97 /* Sources */ = {
			isa = PBXSourcesBuildPhase;
			buildActionMask = 2147483647;
			files = (
				BAAE19E41AB3DECE0008ED97 /* Home.swift in Sources */,
				BA5337651AB3F19E004450C7 /* Profile.swift in Sources */,
				F3CCEEC31AB462D00008340C /* Tree.swift in Sources */,
				F3CCEEC51AB46AB90008340C /* DetailTree.swift in Sources */,
				BA4DCD3B1AB4BB9900DFC265 /* SignUp.swift in Sources */,
				BA5337611AB3F15D004450C7 /* Garden.swift in Sources */,
				BA53375F1AB3ED71004450C7 /* Tasks.swift in Sources */,
				BAC3FE941AB52F77005AA71F /* ViewController.swift in Sources */,
				BA4DCD471AB4D6BC00DFC265 /* SignUpWithEmail.swift in Sources */,
				BAD3AA7B1AB4722400470F8B /* TaskDetail.swift in Sources */,
				BA4DCD331AB4B17600DFC265 /* LogIn.swift in Sources */,
				BA9291DA1AB51113007E6AC1 /* SignUpWithFB.swift in Sources */,
				BA4DCD3F1AB4BC6900DFC265 /* LoginWithEmail.swift in Sources */,
				BA221D4E1AB4370800DD7AC7 /* TaskLibrary.swift in Sources */,
				F334F4BD1AB4B13E00A35510 /* Color.swift in Sources */,
				BA4DCD411AB4CE5C00DFC265 /* LoginWithFB.swift in Sources */,
				BA4B42F81AB5604900D5C513 /* RESTClient.swift in Sources */,
				BA4DCD3D1AB4BBEC00DFC265 /* WhyNeedLogin.swift in Sources */,
				F3FB9FED1AB5520400EBF952 /* UserDataManager.swift in Sources */,
				BA4DCD311AB4AAF900DFC265 /* User.swift in Sources */,
				F3FB9FEB1AB551EE00EBF952 /* UserData.swift in Sources */,
				BA5337631AB3F187004450C7 /* Standings.swift in Sources */,
				BA4DCD491AB4EA8200DFC265 /* Welcome.swift in Sources */,
				F34C306D1AB44C0900BA4627 /* CustomCell.swift in Sources */,
				BAAE19E21AB3DECE0008ED97 /* AppDelegate.swift in Sources */,
				BA221D801AB4569F00DD7AC7 /* TasksByCategory.swift in Sources */,
			);
			runOnlyForDeploymentPostprocessing = 0;
		};
		BAAE19ED1AB3DECE0008ED97 /* Sources */ = {
			isa = PBXSourcesBuildPhase;
			buildActionMask = 2147483647;
			files = (
				BAAE19F81AB3DECE0008ED97 /* CO2reeTests.swift in Sources */,
			);
			runOnlyForDeploymentPostprocessing = 0;
		};
/* End PBXSourcesBuildPhase section */

/* Begin PBXTargetDependency section */
		BAAE19F31AB3DECE0008ED97 /* PBXTargetDependency */ = {
			isa = PBXTargetDependency;
			target = BAAE19DB1AB3DECE0008ED97 /* CO2ree */;
			targetProxy = BAAE19F21AB3DECE0008ED97 /* PBXContainerItemProxy */;
		};
/* End PBXTargetDependency section */

/* Begin PBXVariantGroup section */
		BAAE19E51AB3DECE0008ED97 /* Main.storyboard */ = {
			isa = PBXVariantGroup;
			children = (
				BAAE19E61AB3DECE0008ED97 /* Base */,
			);
			name = Main.storyboard;
			sourceTree = "<group>";
		};
		BAAE19EA1AB3DECE0008ED97 /* LaunchScreen.xib */ = {
			isa = PBXVariantGroup;
			children = (
				BAAE19EB1AB3DECE0008ED97 /* Base */,
			);
			name = LaunchScreen.xib;
			sourceTree = "<group>";
		};
/* End PBXVariantGroup section */

/* Begin XCBuildConfiguration section */
		BAAE19F91AB3DECE0008ED97 /* Debug */ = {
			isa = XCBuildConfiguration;
			buildSettings = {
				ALWAYS_SEARCH_USER_PATHS = NO;
				CLANG_CXX_LANGUAGE_STANDARD = "gnu++0x";
				CLANG_CXX_LIBRARY = "libc++";
				CLANG_ENABLE_MODULES = YES;
				CLANG_ENABLE_OBJC_ARC = YES;
				CLANG_WARN_BOOL_CONVERSION = YES;
				CLANG_WARN_CONSTANT_CONVERSION = YES;
				CLANG_WARN_DIRECT_OBJC_ISA_USAGE = YES_ERROR;
				CLANG_WARN_EMPTY_BODY = YES;
				CLANG_WARN_ENUM_CONVERSION = YES;
				CLANG_WARN_INT_CONVERSION = YES;
				CLANG_WARN_OBJC_ROOT_CLASS = YES_ERROR;
				CLANG_WARN_UNREACHABLE_CODE = YES;
				CLANG_WARN__DUPLICATE_METHOD_MATCH = YES;
				"CODE_SIGN_IDENTITY[sdk=iphoneos*]" = "iPhone Developer";
				COPY_PHASE_STRIP = NO;
				ENABLE_STRICT_OBJC_MSGSEND = YES;
				GCC_C_LANGUAGE_STANDARD = gnu99;
				GCC_DYNAMIC_NO_PIC = NO;
				GCC_OPTIMIZATION_LEVEL = 0;
				GCC_PREPROCESSOR_DEFINITIONS = (
					"DEBUG=1",
					"$(inherited)",
				);
				GCC_SYMBOLS_PRIVATE_EXTERN = NO;
				GCC_WARN_64_TO_32_BIT_CONVERSION = YES;
				GCC_WARN_ABOUT_RETURN_TYPE = YES_ERROR;
				GCC_WARN_UNDECLARED_SELECTOR = YES;
				GCC_WARN_UNINITIALIZED_AUTOS = YES_AGGRESSIVE;
				GCC_WARN_UNUSED_FUNCTION = YES;
				GCC_WARN_UNUSED_VARIABLE = YES;
				IPHONEOS_DEPLOYMENT_TARGET = 8.1;
				MTL_ENABLE_DEBUG_INFO = YES;
				ONLY_ACTIVE_ARCH = YES;
				SDKROOT = iphoneos;
				SWIFT_OBJC_BRIDGING_HEADER = "";
				SWIFT_OPTIMIZATION_LEVEL = "-Onone";
			};
			name = Debug;
		};
		BAAE19FA1AB3DECE0008ED97 /* Release */ = {
			isa = XCBuildConfiguration;
			buildSettings = {
				ALWAYS_SEARCH_USER_PATHS = NO;
				CLANG_CXX_LANGUAGE_STANDARD = "gnu++0x";
				CLANG_CXX_LIBRARY = "libc++";
				CLANG_ENABLE_MODULES = YES;
				CLANG_ENABLE_OBJC_ARC = YES;
				CLANG_WARN_BOOL_CONVERSION = YES;
				CLANG_WARN_CONSTANT_CONVERSION = YES;
				CLANG_WARN_DIRECT_OBJC_ISA_USAGE = YES_ERROR;
				CLANG_WARN_EMPTY_BODY = YES;
				CLANG_WARN_ENUM_CONVERSION = YES;
				CLANG_WARN_INT_CONVERSION = YES;
				CLANG_WARN_OBJC_ROOT_CLASS = YES_ERROR;
				CLANG_WARN_UNREACHABLE_CODE = YES;
				CLANG_WARN__DUPLICATE_METHOD_MATCH = YES;
				"CODE_SIGN_IDENTITY[sdk=iphoneos*]" = "iPhone Developer";
				COPY_PHASE_STRIP = YES;
				ENABLE_NS_ASSERTIONS = NO;
				ENABLE_STRICT_OBJC_MSGSEND = YES;
				GCC_C_LANGUAGE_STANDARD = gnu99;
				GCC_WARN_64_TO_32_BIT_CONVERSION = YES;
				GCC_WARN_ABOUT_RETURN_TYPE = YES_ERROR;
				GCC_WARN_UNDECLARED_SELECTOR = YES;
				GCC_WARN_UNINITIALIZED_AUTOS = YES_AGGRESSIVE;
				GCC_WARN_UNUSED_FUNCTION = YES;
				GCC_WARN_UNUSED_VARIABLE = YES;
				IPHONEOS_DEPLOYMENT_TARGET = 8.1;
				MTL_ENABLE_DEBUG_INFO = NO;
				SDKROOT = iphoneos;
				SWIFT_OBJC_BRIDGING_HEADER = "";
				VALIDATE_PRODUCT = YES;
			};
			name = Release;
		};
		BAAE19FC1AB3DECE0008ED97 /* Debug */ = {
			isa = XCBuildConfiguration;
			buildSettings = {
				ASSETCATALOG_COMPILER_APPICON_NAME = AppIcon;
				FRAMEWORK_SEARCH_PATHS = (
					"$(inherited)",
					/Users/jenny/Documents/FacebookSDK,
					"$(PROJECT_DIR)",
				);
				INFOPLIST_FILE = CO2ree/Info.plist;
				LD_RUNPATH_SEARCH_PATHS = "$(inherited) @executable_path/Frameworks";
				PRODUCT_NAME = "$(TARGET_NAME)";
				SWIFT_OBJC_BRIDGING_HEADER = CO2ree/Header.h;
			};
			name = Debug;
		};
		BAAE19FD1AB3DECE0008ED97 /* Release */ = {
			isa = XCBuildConfiguration;
			buildSettings = {
				ASSETCATALOG_COMPILER_APPICON_NAME = AppIcon;
				FRAMEWORK_SEARCH_PATHS = (
					"$(inherited)",
					/Users/jenny/Documents/FacebookSDK,
					"$(PROJECT_DIR)",
				);
				INFOPLIST_FILE = CO2ree/Info.plist;
				LD_RUNPATH_SEARCH_PATHS = "$(inherited) @executable_path/Frameworks";
				PRODUCT_NAME = "$(TARGET_NAME)";
				SWIFT_OBJC_BRIDGING_HEADER = CO2ree/Header.h;
			};
			name = Release;
		};
		BAAE19FF1AB3DECE0008ED97 /* Debug */ = {
			isa = XCBuildConfiguration;
			buildSettings = {
				BUNDLE_LOADER = "$(TEST_HOST)";
				FRAMEWORK_SEARCH_PATHS = (
					"$(SDKROOT)/Developer/Library/Frameworks",
					"$(inherited)",
				);
				GCC_PREPROCESSOR_DEFINITIONS = (
					"DEBUG=1",
					"$(inherited)",
				);
				INFOPLIST_FILE = CO2reeTests/Info.plist;
				LD_RUNPATH_SEARCH_PATHS = "$(inherited) @executable_path/Frameworks @loader_path/Frameworks";
				PRODUCT_NAME = "$(TARGET_NAME)";
				TEST_HOST = "$(BUILT_PRODUCTS_DIR)/CO2ree.app/CO2ree";
			};
			name = Debug;
		};
		BAAE1A001AB3DECE0008ED97 /* Release */ = {
			isa = XCBuildConfiguration;
			buildSettings = {
				BUNDLE_LOADER = "$(TEST_HOST)";
				FRAMEWORK_SEARCH_PATHS = (
					"$(SDKROOT)/Developer/Library/Frameworks",
					"$(inherited)",
				);
				INFOPLIST_FILE = CO2reeTests/Info.plist;
				LD_RUNPATH_SEARCH_PATHS = "$(inherited) @executable_path/Frameworks @loader_path/Frameworks";
				PRODUCT_NAME = "$(TARGET_NAME)";
				TEST_HOST = "$(BUILT_PRODUCTS_DIR)/CO2ree.app/CO2ree";
			};
			name = Release;
		};
/* End XCBuildConfiguration section */

/* Begin XCConfigurationList section */
		BAAE19D71AB3DECE0008ED97 /* Build configuration list for PBXProject "CO2ree" */ = {
			isa = XCConfigurationList;
			buildConfigurations = (
				BAAE19F91AB3DECE0008ED97 /* Debug */,
				BAAE19FA1AB3DECE0008ED97 /* Release */,
			);
			defaultConfigurationIsVisible = 0;
			defaultConfigurationName = Release;
		};
		BAAE19FB1AB3DECE0008ED97 /* Build configuration list for PBXNativeTarget "CO2ree" */ = {
			isa = XCConfigurationList;
			buildConfigurations = (
				BAAE19FC1AB3DECE0008ED97 /* Debug */,
				BAAE19FD1AB3DECE0008ED97 /* Release */,
			);
			defaultConfigurationIsVisible = 0;
			defaultConfigurationName = Release;
		};
		BAAE19FE1AB3DECE0008ED97 /* Build configuration list for PBXNativeTarget "CO2reeTests" */ = {
			isa = XCConfigurationList;
			buildConfigurations = (
				BAAE19FF1AB3DECE0008ED97 /* Debug */,
				BAAE1A001AB3DECE0008ED97 /* Release */,
			);
			defaultConfigurationIsVisible = 0;
			defaultConfigurationName = Release;
		};
/* End XCConfigurationList section */
	};
	rootObject = BAAE19D41AB3DECE0008ED97 /* Project object */;
}
